{
  "version": 4,
  "terraform_version": "1.12.2",
  "serial": 422,
  "lineage": "5382142e-2bc2-d1ca-9e56-4ede2953decd",
  "outputs": {},
  "resources": [
    {
      "mode": "data",
      "type": "azurerm_client_config",
      "name": "current",
      "provider": "provider[\"registry.terraform.io/hashicorp/azurerm\"]",
      "instances": [
        {
          "schema_version": 0,
          "attributes": {
            "client_id": "04b07795-8ddb-461a-bbee-02f9e1bf7b46",
            "id": "Y2xpZW50Q29uZmlncy9jbGllbnRJZD0wNGIwNzc5NS04ZGRiLTQ2MWEtYmJlZS0wMmY5ZTFiZjdiNDY7b2JqZWN0SWQ9NjQxZmMxYzEtZmIzMi00ZTk3LTk4NzctYTYxZWY4YTIzM2RjO3N1YnNjcmlwdGlvbklkPWRiZTg1N2Q4LWY3ZWEtNGM3OS1iYjU5LWI0ZTViYzA4MDQyNjt0ZW5hbnRJZD0wYjNmYzE3OC1iNzMwLTRlOGItOTg0My1lODEyNTkyMzdiNzc=",
            "object_id": "641fc1c1-fb32-4e97-9877-a61ef8a233dc",
            "subscription_id": "dbe857d8-f7ea-4c79-bb59-b4e5bc080426",
            "tenant_id": "0b3fc178-b730-4e8b-9843-e81259237b77",
            "timeouts": null
          },
          "sensitive_attributes": [],
          "identity_schema_version": 0
        }
      ]
    },
    {
      "mode": "data",
      "type": "azurerm_key_vault_secret",
      "name": "ssh_key",
      "provider": "provider[\"registry.terraform.io/hashicorp/azurerm\"]",
      "instances": [
        {
          "schema_version": 0,
          "attributes": {
            "content_type": "",
            "expiration_date": null,
            "id": "https://my-training-kv.vault.azure.net/secrets/ssh-public-key/7d12a23bff674a61b4dff1fe33f43c72",
            "key_vault_id": "/subscriptions/dbe857d8-f7ea-4c79-bb59-b4e5bc080426/resourceGroups/training-rg-northEU/providers/Microsoft.KeyVault/vaults/my-training-kv",
            "name": "ssh-public-key",
            "not_before_date": null,
            "resource_id": "/subscriptions/dbe857d8-f7ea-4c79-bb59-b4e5bc080426/resourceGroups/training-rg-northEU/providers/Microsoft.KeyVault/vaults/my-training-kv/secrets/ssh-public-key/versions/7d12a23bff674a61b4dff1fe33f43c72",
            "resource_versionless_id": "/subscriptions/dbe857d8-f7ea-4c79-bb59-b4e5bc080426/resourceGroups/training-rg-northEU/providers/Microsoft.KeyVault/vaults/my-training-kv/secrets/ssh-public-key",
            "tags": {},
            "timeouts": null,
            "value": "ssh-rsa AAAAB3NzaC1yc2EAAAADAQABAAABgQDOcsY4/AbAkrryIOeM14i42peQj2jrDttBYCRB1EIe6I89A2BuBb4xcc4A6CcDcqfn0Mbm8i+4Q2jbRlABA9XSKD//46ePgp8vmcSOta3rG6JvZ61cS4mFkXr9gtQxxqrW23uW6tEtHdydKJSQ9WodvALbOJJzIaijFfFnOa7YQu+lfZ1w/GKwQIKg2kKiVLMHypSWMc5fttw2psLiguDiaAHhzUWRUt0xlckyvrFHom7XPPjlRCtb7Pf5lkPelnjI8XS9WU1W7VXxyPupKXKaHAhpYkB5A0L+ap6PtHMk53SMXl67g720pGondwKeSD4FMpp/VLObgOGVPuJQZebcLIU3rVUXxEeXhSuQnW03VI4eXZynDFbDPEkmiWYQOXbHlgcYOB9n0sQMkOljIePAHwzoY56N2BdphwmZskENGlu1BMTi1Qr2470n5O+zkjArYsq94zdhmmVUb8l+Oz7UIdbluXX3Efww3yqkMsF1ndPIzw1nldv86L3gjkOOJ0U= ipaun@ENDAUTObTsP8SMF\n",
            "version": "7d12a23bff674a61b4dff1fe33f43c72",
            "versionless_id": "https://my-training-kv.vault.azure.net/secrets/ssh-public-key"
          },
          "sensitive_attributes": [
            [
              {
                "type": "get_attr",
                "value": "value"
              }
            ]
          ],
          "identity_schema_version": 0
        }
      ]
    },
    {
      "mode": "managed",
      "type": "azurerm_key_vault",
      "name": "training",
      "provider": "provider[\"registry.terraform.io/hashicorp/azurerm\"]",
      "instances": [
        {
          "schema_version": 2,
          "attributes": {
            "access_policy": [
              {
                "application_id": "",
                "certificate_permissions": [],
                "key_permissions": [],
                "object_id": "641fc1c1-fb32-4e97-9877-a61ef8a233dc",
                "secret_permissions": [
                  "Get",
                  "List",
                  "Set"
                ],
                "storage_permissions": [],
                "tenant_id": "0b3fc178-b730-4e8b-9843-e81259237b77"
              }
            ],
            "contact": [],
            "enable_rbac_authorization": false,
            "enabled_for_deployment": false,
            "enabled_for_disk_encryption": false,
            "enabled_for_template_deployment": false,
            "id": "/subscriptions/dbe857d8-f7ea-4c79-bb59-b4e5bc080426/resourceGroups/training-rg-northEU/providers/Microsoft.KeyVault/vaults/my-training-kv",
            "location": "northeurope",
            "name": "my-training-kv",
            "network_acls": [
              {
                "bypass": "AzureServices",
                "default_action": "Allow",
                "ip_rules": [],
                "virtual_network_subnet_ids": []
              }
            ],
            "public_network_access_enabled": true,
            "purge_protection_enabled": true,
            "resource_group_name": "training-rg-northEU",
            "sku_name": "standard",
            "soft_delete_retention_days": 7,
            "tags": {
              "EndDate": "18.08.2025",
              "ProjectCode": "INTBM999BHD",
              "ProjectName": "AMCloudTraining",
              "ServiceNowID": "RITM0577280",
              "owner": "ipaun"
            },
            "tenant_id": "0b3fc178-b730-4e8b-9843-e81259237b77",
            "timeouts": null,
            "vault_uri": "https://my-training-kv.vault.azure.net/"
          },
          "sensitive_attributes": [],
          "identity_schema_version": 0,
          "private": "eyJlMmJmYjczMC1lY2FhLTExZTYtOGY4OC0zNDM2M2JjN2M0YzAiOnsiY3JlYXRlIjoxODAwMDAwMDAwMDAwLCJkZWxldGUiOjE4MDAwMDAwMDAwMDAsInJlYWQiOjMwMDAwMDAwMDAwMCwidXBkYXRlIjoxODAwMDAwMDAwMDAwfSwic2NoZW1hX3ZlcnNpb24iOiIyIn0=",
          "dependencies": [
            "azurerm_resource_group.training",
            "data.azurerm_client_config.current"
          ]
        }
      ]
    },
    {
      "mode": "managed",
      "type": "azurerm_key_vault_access_policy",
      "name": "training",
      "provider": "provider[\"registry.terraform.io/hashicorp/azurerm\"]",
      "instances": [
        {
          "schema_version": 0,
          "attributes": {
            "application_id": "",
            "certificate_permissions": [],
            "id": "/subscriptions/dbe857d8-f7ea-4c79-bb59-b4e5bc080426/resourceGroups/training-rg-northEU/providers/Microsoft.KeyVault/vaults/my-training-kv/objectId/641fc1c1-fb32-4e97-9877-a61ef8a233dc",
            "key_permissions": [],
            "key_vault_id": "/subscriptions/dbe857d8-f7ea-4c79-bb59-b4e5bc080426/resourceGroups/training-rg-northEU/providers/Microsoft.KeyVault/vaults/my-training-kv",
            "object_id": "641fc1c1-fb32-4e97-9877-a61ef8a233dc",
            "secret_permissions": [
              "Get",
              "List",
              "Set"
            ],
            "storage_permissions": [],
            "tenant_id": "0b3fc178-b730-4e8b-9843-e81259237b77",
            "timeouts": null
          },
          "sensitive_attributes": [],
          "identity_schema_version": 0,
          "private": "eyJlMmJmYjczMC1lY2FhLTExZTYtOGY4OC0zNDM2M2JjN2M0YzAiOnsiY3JlYXRlIjoxODAwMDAwMDAwMDAwLCJkZWxldGUiOjE4MDAwMDAwMDAwMDAsInJlYWQiOjMwMDAwMDAwMDAwMCwidXBkYXRlIjoxODAwMDAwMDAwMDAwfSwic2NoZW1hX3ZlcnNpb24iOiIwIn0=",
          "dependencies": [
            "azurerm_key_vault.training",
            "azurerm_resource_group.training",
            "data.azurerm_client_config.current"
          ]
        }
      ]
    },
    {
      "mode": "managed",
      "type": "azurerm_key_vault_secret",
      "name": "ssh_public_key",
      "provider": "provider[\"registry.terraform.io/hashicorp/azurerm\"]",
      "instances": [
        {
          "schema_version": 0,
          "attributes": {
            "content_type": "",
            "expiration_date": null,
            "id": "https://my-training-kv.vault.azure.net/secrets/ssh-public-key/7d12a23bff674a61b4dff1fe33f43c72",
            "key_vault_id": "/subscriptions/dbe857d8-f7ea-4c79-bb59-b4e5bc080426/resourceGroups/training-rg-northEU/providers/Microsoft.KeyVault/vaults/my-training-kv",
            "name": "ssh-public-key",
            "not_before_date": null,
            "resource_id": "/subscriptions/dbe857d8-f7ea-4c79-bb59-b4e5bc080426/resourceGroups/training-rg-northEU/providers/Microsoft.KeyVault/vaults/my-training-kv/secrets/ssh-public-key/versions/7d12a23bff674a61b4dff1fe33f43c72",
            "resource_versionless_id": "/subscriptions/dbe857d8-f7ea-4c79-bb59-b4e5bc080426/resourceGroups/training-rg-northEU/providers/Microsoft.KeyVault/vaults/my-training-kv/secrets/ssh-public-key",
            "tags": {},
            "timeouts": null,
            "value": "ssh-rsa AAAAB3NzaC1yc2EAAAADAQABAAABgQDOcsY4/AbAkrryIOeM14i42peQj2jrDttBYCRB1EIe6I89A2BuBb4xcc4A6CcDcqfn0Mbm8i+4Q2jbRlABA9XSKD//46ePgp8vmcSOta3rG6JvZ61cS4mFkXr9gtQxxqrW23uW6tEtHdydKJSQ9WodvALbOJJzIaijFfFnOa7YQu+lfZ1w/GKwQIKg2kKiVLMHypSWMc5fttw2psLiguDiaAHhzUWRUt0xlckyvrFHom7XPPjlRCtb7Pf5lkPelnjI8XS9WU1W7VXxyPupKXKaHAhpYkB5A0L+ap6PtHMk53SMXl67g720pGondwKeSD4FMpp/VLObgOGVPuJQZebcLIU3rVUXxEeXhSuQnW03VI4eXZynDFbDPEkmiWYQOXbHlgcYOB9n0sQMkOljIePAHwzoY56N2BdphwmZskENGlu1BMTi1Qr2470n5O+zkjArYsq94zdhmmVUb8l+Oz7UIdbluXX3Efww3yqkMsF1ndPIzw1nldv86L3gjkOOJ0U= ipaun@ENDAUTObTsP8SMF\n",
            "value_wo": null,
            "value_wo_version": 0,
            "version": "7d12a23bff674a61b4dff1fe33f43c72",
            "versionless_id": "https://my-training-kv.vault.azure.net/secrets/ssh-public-key"
          },
          "sensitive_attributes": [
            [
              {
                "type": "get_attr",
                "value": "value"
              }
            ]
          ],
          "identity_schema_version": 0,
          "private": "eyJlMmJmYjczMC1lY2FhLTExZTYtOGY4OC0zNDM2M2JjN2M0YzAiOnsiY3JlYXRlIjoxODAwMDAwMDAwMDAwLCJkZWxldGUiOjE4MDAwMDAwMDAwMDAsInJlYWQiOjE4MDAwMDAwMDAwMDAsInVwZGF0ZSI6MTgwMDAwMDAwMDAwMH0sInNjaGVtYV92ZXJzaW9uIjoiMCJ9",
          "dependencies": [
            "azurerm_key_vault.training",
            "azurerm_resource_group.training",
            "data.azurerm_client_config.current"
          ]
        }
      ]
    },
    {
      "mode": "managed",
      "type": "azurerm_lb",
      "name": "main",
      "provider": "provider[\"registry.terraform.io/hashicorp/azurerm\"]",
      "instances": [
        {
          "schema_version": 0,
          "attributes": {
            "edge_zone": "",
            "frontend_ip_configuration": [
              {
                "gateway_load_balancer_frontend_ip_configuration_id": "",
                "id": "/subscriptions/dbe857d8-f7ea-4c79-bb59-b4e5bc080426/resourceGroups/training-rg-northEU/providers/Microsoft.Network/loadBalancers/my-loadbalancer/frontendIPConfigurations/my-lb-public",
                "inbound_nat_rules": [],
                "load_balancer_rules": [
                  "/subscriptions/dbe857d8-f7ea-4c79-bb59-b4e5bc080426/resourceGroups/training-rg-northEU/providers/Microsoft.Network/loadBalancers/my-loadbalancer/loadBalancingRules/http-rule",
                  "/subscriptions/dbe857d8-f7ea-4c79-bb59-b4e5bc080426/resourceGroups/training-rg-northEU/providers/Microsoft.Network/loadBalancers/my-loadbalancer/loadBalancingRules/ssh-rule"
                ],
                "name": "my-lb-public",
                "outbound_rules": [],
                "private_ip_address": "",
                "private_ip_address_allocation": "Dynamic",
                "private_ip_address_version": "",
                "public_ip_address_id": "/subscriptions/dbe857d8-f7ea-4c79-bb59-b4e5bc080426/resourceGroups/training-rg-northEU/providers/Microsoft.Network/publicIPAddresses/my-lb-public",
                "public_ip_prefix_id": "",
                "subnet_id": "",
                "zones": []
              }
            ],
            "id": "/subscriptions/dbe857d8-f7ea-4c79-bb59-b4e5bc080426/resourceGroups/training-rg-northEU/providers/Microsoft.Network/loadBalancers/my-loadbalancer",
            "location": "northeurope",
            "name": "my-loadbalancer",
            "private_ip_address": "",
            "private_ip_addresses": [],
            "resource_group_name": "training-rg-northEU",
            "sku": "Standard",
            "sku_tier": "Regional",
            "tags": {
              "EndDate": "18.08.2025",
              "ProjectCode": "INTBM999BHD",
              "ProjectName": "AMCloudTraining",
              "ServiceNowID": "RITM0577280"
            },
            "timeouts": null
          },
          "sensitive_attributes": [],
          "identity_schema_version": 0,
          "private": "eyJlMmJmYjczMC1lY2FhLTExZTYtOGY4OC0zNDM2M2JjN2M0YzAiOnsiY3JlYXRlIjoxODAwMDAwMDAwMDAwLCJkZWxldGUiOjE4MDAwMDAwMDAwMDAsInJlYWQiOjMwMDAwMDAwMDAwMCwidXBkYXRlIjoxODAwMDAwMDAwMDAwfX0=",
          "dependencies": [
            "azurerm_public_ip.my-lb-public",
            "azurerm_resource_group.training"
          ]
        }
      ]
    },
    {
      "mode": "managed",
      "type": "azurerm_lb_backend_address_pool",
      "name": "backend",
      "provider": "provider[\"registry.terraform.io/hashicorp/azurerm\"]",
      "instances": [
        {
          "schema_version": 0,
          "attributes": {
            "backend_ip_configurations": [
              "/subscriptions/dbe857d8-f7ea-4c79-bb59-b4e5bc080426/resourceGroups/training-rg-northEU/providers/Microsoft.Network/networkInterfaces/app-nic1/ipConfigurations/testconfiguration1",
              "/subscriptions/dbe857d8-f7ea-4c79-bb59-b4e5bc080426/resourceGroups/training-rg-northEU/providers/Microsoft.Network/networkInterfaces/app-nic2/ipConfigurations/testconfiguration2"
            ],
            "id": "/subscriptions/dbe857d8-f7ea-4c79-bb59-b4e5bc080426/resourceGroups/training-rg-northEU/providers/Microsoft.Network/loadBalancers/my-loadbalancer/backendAddressPools/vm-backend-pool",
            "inbound_nat_rules": [],
            "load_balancing_rules": [],
            "loadbalancer_id": "/subscriptions/dbe857d8-f7ea-4c79-bb59-b4e5bc080426/resourceGroups/training-rg-northEU/providers/Microsoft.Network/loadBalancers/my-loadbalancer",
            "name": "vm-backend-pool",
            "outbound_rules": [],
            "synchronous_mode": "",
            "timeouts": null,
            "tunnel_interface": [],
            "virtual_network_id": ""
          },
          "sensitive_attributes": [],
          "identity_schema_version": 0,
          "private": "eyJlMmJmYjczMC1lY2FhLTExZTYtOGY4OC0zNDM2M2JjN2M0YzAiOnsiY3JlYXRlIjoxODAwMDAwMDAwMDAwLCJkZWxldGUiOjE4MDAwMDAwMDAwMDAsInJlYWQiOjMwMDAwMDAwMDAwMCwidXBkYXRlIjoxODAwMDAwMDAwMDAwfX0=",
          "dependencies": [
            "azurerm_lb.main",
            "azurerm_public_ip.my-lb-public",
            "azurerm_resource_group.training"
          ]
        }
      ]
    },
    {
      "mode": "managed",
      "type": "azurerm_lb_probe",
      "name": "http",
      "provider": "provider[\"registry.terraform.io/hashicorp/azurerm\"]",
      "instances": [
        {
          "schema_version": 0,
          "attributes": {
            "id": "/subscriptions/dbe857d8-f7ea-4c79-bb59-b4e5bc080426/resourceGroups/training-rg-northEU/providers/Microsoft.Network/loadBalancers/my-loadbalancer/probes/http-probe",
            "interval_in_seconds": 5,
            "load_balancer_rules": [
              "/subscriptions/dbe857d8-f7ea-4c79-bb59-b4e5bc080426/resourceGroups/training-rg-northEU/providers/Microsoft.Network/loadBalancers/my-loadbalancer/loadBalancingRules/http-rule"
            ],
            "loadbalancer_id": "/subscriptions/dbe857d8-f7ea-4c79-bb59-b4e5bc080426/resourceGroups/training-rg-northEU/providers/Microsoft.Network/loadBalancers/my-loadbalancer",
            "name": "http-probe",
            "number_of_probes": 2,
            "port": 80,
            "probe_threshold": 1,
            "protocol": "Tcp",
            "request_path": "",
            "timeouts": null
          },
          "sensitive_attributes": [],
          "identity_schema_version": 0,
          "private": "eyJlMmJmYjczMC1lY2FhLTExZTYtOGY4OC0zNDM2M2JjN2M0YzAiOnsiY3JlYXRlIjoxODAwMDAwMDAwMDAwLCJkZWxldGUiOjE4MDAwMDAwMDAwMDAsInJlYWQiOjMwMDAwMDAwMDAwMCwidXBkYXRlIjoxODAwMDAwMDAwMDAwfX0=",
          "dependencies": [
            "azurerm_lb.main",
            "azurerm_public_ip.my-lb-public",
            "azurerm_resource_group.training"
          ]
        }
      ]
    },
    {
      "mode": "managed",
      "type": "azurerm_lb_probe",
      "name": "ssh",
      "provider": "provider[\"registry.terraform.io/hashicorp/azurerm\"]",
      "instances": [
        {
          "schema_version": 0,
          "attributes": {
            "id": "/subscriptions/dbe857d8-f7ea-4c79-bb59-b4e5bc080426/resourceGroups/training-rg-northEU/providers/Microsoft.Network/loadBalancers/my-loadbalancer/probes/ssh-probe",
            "interval_in_seconds": 5,
            "load_balancer_rules": [
              "/subscriptions/dbe857d8-f7ea-4c79-bb59-b4e5bc080426/resourceGroups/training-rg-northEU/providers/Microsoft.Network/loadBalancers/my-loadbalancer/loadBalancingRules/ssh-rule"
            ],
            "loadbalancer_id": "/subscriptions/dbe857d8-f7ea-4c79-bb59-b4e5bc080426/resourceGroups/training-rg-northEU/providers/Microsoft.Network/loadBalancers/my-loadbalancer",
            "name": "ssh-probe",
            "number_of_probes": 2,
            "port": 22,
            "probe_threshold": 1,
            "protocol": "Tcp",
            "request_path": "",
            "timeouts": null
          },
          "sensitive_attributes": [],
          "identity_schema_version": 0,
          "private": "eyJlMmJmYjczMC1lY2FhLTExZTYtOGY4OC0zNDM2M2JjN2M0YzAiOnsiY3JlYXRlIjoxODAwMDAwMDAwMDAwLCJkZWxldGUiOjE4MDAwMDAwMDAwMDAsInJlYWQiOjMwMDAwMDAwMDAwMCwidXBkYXRlIjoxODAwMDAwMDAwMDAwfX0=",
          "dependencies": [
            "azurerm_lb.main",
            "azurerm_public_ip.my-lb-public",
            "azurerm_resource_group.training"
          ]
        }
      ]
    },
    {
      "mode": "managed",
      "type": "azurerm_lb_rule",
      "name": "http",
      "provider": "provider[\"registry.terraform.io/hashicorp/azurerm\"]",
      "instances": [
        {
          "schema_version": 0,
          "attributes": {
            "backend_address_pool_ids": [],
            "backend_port": 80,
            "disable_outbound_snat": false,
            "enable_floating_ip": false,
            "enable_tcp_reset": false,
            "frontend_ip_configuration_id": "/subscriptions/dbe857d8-f7ea-4c79-bb59-b4e5bc080426/resourceGroups/training-rg-northEU/providers/Microsoft.Network/loadBalancers/my-loadbalancer/frontendIPConfigurations/my-lb-public",
            "frontend_ip_configuration_name": "my-lb-public",
            "frontend_port": 80,
            "id": "/subscriptions/dbe857d8-f7ea-4c79-bb59-b4e5bc080426/resourceGroups/training-rg-northEU/providers/Microsoft.Network/loadBalancers/my-loadbalancer/loadBalancingRules/http-rule",
            "idle_timeout_in_minutes": 4,
            "load_distribution": "Default",
            "loadbalancer_id": "/subscriptions/dbe857d8-f7ea-4c79-bb59-b4e5bc080426/resourceGroups/training-rg-northEU/providers/Microsoft.Network/loadBalancers/my-loadbalancer",
            "name": "http-rule",
            "probe_id": "/subscriptions/dbe857d8-f7ea-4c79-bb59-b4e5bc080426/resourceGroups/training-rg-northEU/providers/Microsoft.Network/loadBalancers/my-loadbalancer/probes/http-probe",
            "protocol": "Tcp",
            "timeouts": null
          },
          "sensitive_attributes": [],
          "identity_schema_version": 0,
          "private": "eyJlMmJmYjczMC1lY2FhLTExZTYtOGY4OC0zNDM2M2JjN2M0YzAiOnsiY3JlYXRlIjoxODAwMDAwMDAwMDAwLCJkZWxldGUiOjE4MDAwMDAwMDAwMDAsInJlYWQiOjMwMDAwMDAwMDAwMCwidXBkYXRlIjoxODAwMDAwMDAwMDAwfX0=",
          "dependencies": [
            "azurerm_lb.main",
            "azurerm_lb_probe.http",
            "azurerm_public_ip.my-lb-public",
            "azurerm_resource_group.training"
          ]
        }
      ]
    },
    {
      "mode": "managed",
      "type": "azurerm_lb_rule",
      "name": "ssh",
      "provider": "provider[\"registry.terraform.io/hashicorp/azurerm\"]",
      "instances": [
        {
          "schema_version": 0,
          "attributes": {
            "backend_address_pool_ids": [],
            "backend_port": 22,
            "disable_outbound_snat": false,
            "enable_floating_ip": false,
            "enable_tcp_reset": false,
            "frontend_ip_configuration_id": "/subscriptions/dbe857d8-f7ea-4c79-bb59-b4e5bc080426/resourceGroups/training-rg-northEU/providers/Microsoft.Network/loadBalancers/my-loadbalancer/frontendIPConfigurations/my-lb-public",
            "frontend_ip_configuration_name": "my-lb-public",
            "frontend_port": 22,
            "id": "/subscriptions/dbe857d8-f7ea-4c79-bb59-b4e5bc080426/resourceGroups/training-rg-northEU/providers/Microsoft.Network/loadBalancers/my-loadbalancer/loadBalancingRules/ssh-rule",
            "idle_timeout_in_minutes": 4,
            "load_distribution": "Default",
            "loadbalancer_id": "/subscriptions/dbe857d8-f7ea-4c79-bb59-b4e5bc080426/resourceGroups/training-rg-northEU/providers/Microsoft.Network/loadBalancers/my-loadbalancer",
            "name": "ssh-rule",
            "probe_id": "/subscriptions/dbe857d8-f7ea-4c79-bb59-b4e5bc080426/resourceGroups/training-rg-northEU/providers/Microsoft.Network/loadBalancers/my-loadbalancer/probes/ssh-probe",
            "protocol": "Tcp",
            "timeouts": null
          },
          "sensitive_attributes": [],
          "identity_schema_version": 0,
          "private": "eyJlMmJmYjczMC1lY2FhLTExZTYtOGY4OC0zNDM2M2JjN2M0YzAiOnsiY3JlYXRlIjoxODAwMDAwMDAwMDAwLCJkZWxldGUiOjE4MDAwMDAwMDAwMDAsInJlYWQiOjMwMDAwMDAwMDAwMCwidXBkYXRlIjoxODAwMDAwMDAwMDAwfX0=",
          "dependencies": [
            "azurerm_lb.main",
            "azurerm_lb_probe.ssh",
            "azurerm_public_ip.my-lb-public",
            "azurerm_resource_group.training"
          ]
        }
      ]
    },
    {
      "mode": "managed",
      "type": "azurerm_linux_virtual_machine",
      "name": "vm1",
      "provider": "provider[\"registry.terraform.io/hashicorp/azurerm\"]",
      "instances": [
        {
          "schema_version": 0,
          "attributes": {
            "additional_capabilities": [],
            "admin_password": null,
            "admin_ssh_key": [
              {
                "public_key": "ssh-rsa AAAAB3NzaC1yc2EAAAADAQABAAABgQDOcsY4/AbAkrryIOeM14i42peQj2jrDttBYCRB1EIe6I89A2BuBb4xcc4A6CcDcqfn0Mbm8i+4Q2jbRlABA9XSKD//46ePgp8vmcSOta3rG6JvZ61cS4mFkXr9gtQxxqrW23uW6tEtHdydKJSQ9WodvALbOJJzIaijFfFnOa7YQu+lfZ1w/GKwQIKg2kKiVLMHypSWMc5fttw2psLiguDiaAHhzUWRUt0xlckyvrFHom7XPPjlRCtb7Pf5lkPelnjI8XS9WU1W7VXxyPupKXKaHAhpYkB5A0L+ap6PtHMk53SMXl67g720pGondwKeSD4FMpp/VLObgOGVPuJQZebcLIU3rVUXxEeXhSuQnW03VI4eXZynDFbDPEkmiWYQOXbHlgcYOB9n0sQMkOljIePAHwzoY56N2BdphwmZskENGlu1BMTi1Qr2470n5O+zkjArYsq94zdhmmVUb8l+Oz7UIdbluXX3Efww3yqkMsF1ndPIzw1nldv86L3gjkOOJ0U= ipaun@ENDAUTObTsP8SMF\n",
                "username": "ipaun"
              }
            ],
            "admin_username": "ipaun",
            "allow_extension_operations": true,
            "availability_set_id": "",
            "boot_diagnostics": [],
            "bypass_platform_safety_checks_on_user_schedule_enabled": false,
            "capacity_reservation_group_id": "",
            "computer_name": "app-vm1",
            "custom_data": null,
            "dedicated_host_group_id": "",
            "dedicated_host_id": "",
            "disable_password_authentication": true,
            "disk_controller_type": "",
            "edge_zone": "",
            "encryption_at_host_enabled": false,
            "eviction_policy": "",
            "extensions_time_budget": "PT1H30M",
            "gallery_application": [],
            "id": "/subscriptions/dbe857d8-f7ea-4c79-bb59-b4e5bc080426/resourceGroups/training-rg-northEU/providers/Microsoft.Compute/virtualMachines/app-vm1",
            "identity": [],
            "license_type": "",
            "location": "northeurope",
            "max_bid_price": -1,
            "name": "app-vm1",
            "network_interface_ids": [
              "/subscriptions/dbe857d8-f7ea-4c79-bb59-b4e5bc080426/resourceGroups/training-rg-northEU/providers/Microsoft.Network/networkInterfaces/app-nic1"
            ],
            "os_disk": [
              {
                "caching": "ReadWrite",
                "diff_disk_settings": [],
                "disk_encryption_set_id": "",
                "disk_size_gb": 30,
                "id": "/subscriptions/dbe857d8-f7ea-4c79-bb59-b4e5bc080426/resourceGroups/training-rg-northEU/providers/Microsoft.Compute/disks/myosdisk1",
                "name": "myosdisk1",
                "secure_vm_disk_encryption_set_id": "",
                "security_encryption_type": "",
                "storage_account_type": "StandardSSD_LRS",
                "write_accelerator_enabled": false
              }
            ],
            "os_image_notification": [],
            "patch_assessment_mode": "ImageDefault",
            "patch_mode": "ImageDefault",
            "plan": [],
            "platform_fault_domain": -1,
            "priority": "Regular",
            "private_ip_address": "10.0.1.4",
            "private_ip_addresses": [
              "10.0.1.4"
            ],
            "provision_vm_agent": true,
            "proximity_placement_group_id": "",
            "public_ip_address": "134.149.57.33",
            "public_ip_addresses": [
              "134.149.57.33"
            ],
            "reboot_setting": "",
            "resource_group_name": "training-rg-northEU",
            "secret": [],
            "secure_boot_enabled": false,
            "size": "Standard_B1s",
            "source_image_id": "",
            "source_image_reference": [
              {
                "offer": "0001-com-ubuntu-server-jammy",
                "publisher": "Canonical",
                "sku": "22_04-lts",
                "version": "latest"
              }
            ],
            "tags": {
              "EndDate": "18.08.2025",
              "ProjectCode": "INTBM999BHD",
              "ProjectName": "AMCloudTraining",
              "ServiceNowID": "RITM0577280"
            },
            "termination_notification": null,
            "timeouts": null,
            "user_data": "",
            "virtual_machine_id": "263d97bd-619d-402a-aa76-19169f1c37de",
            "virtual_machine_scale_set_id": "",
            "vm_agent_platform_updates_enabled": false,
            "vtpm_enabled": false,
            "zone": ""
          },
          "sensitive_attributes": [
            [
              {
                "type": "get_attr",
                "value": "admin_password"
              }
            ],
            [
              {
                "type": "get_attr",
                "value": "admin_ssh_key"
              }
            ],
            [
              {
                "type": "get_attr",
                "value": "custom_data"
              }
            ]
          ],
          "identity_schema_version": 0,
          "private": "eyJlMmJmYjczMC1lY2FhLTExZTYtOGY4OC0zNDM2M2JjN2M0YzAiOnsiY3JlYXRlIjoyNzAwMDAwMDAwMDAwLCJkZWxldGUiOjI3MDAwMDAwMDAwMDAsInJlYWQiOjMwMDAwMDAwMDAwMCwidXBkYXRlIjoyNzAwMDAwMDAwMDAwfX0=",
          "dependencies": [
            "azurerm_key_vault.training",
            "azurerm_network_interface.training-vm1",
            "azurerm_public_ip.my-vm-public1",
            "azurerm_resource_group.training",
            "azurerm_subnet.sub1",
            "azurerm_virtual_network.training",
            "data.azurerm_client_config.current",
            "data.azurerm_key_vault_secret.ssh_key"
          ]
        }
      ]
    },
    {
      "mode": "managed",
      "type": "azurerm_linux_virtual_machine",
      "name": "vm2",
      "provider": "provider[\"registry.terraform.io/hashicorp/azurerm\"]",
      "instances": [
        {
          "schema_version": 0,
          "attributes": {
            "additional_capabilities": [],
            "admin_password": null,
            "admin_ssh_key": [
              {
                "public_key": "ssh-rsa AAAAB3NzaC1yc2EAAAADAQABAAABgQDOcsY4/AbAkrryIOeM14i42peQj2jrDttBYCRB1EIe6I89A2BuBb4xcc4A6CcDcqfn0Mbm8i+4Q2jbRlABA9XSKD//46ePgp8vmcSOta3rG6JvZ61cS4mFkXr9gtQxxqrW23uW6tEtHdydKJSQ9WodvALbOJJzIaijFfFnOa7YQu+lfZ1w/GKwQIKg2kKiVLMHypSWMc5fttw2psLiguDiaAHhzUWRUt0xlckyvrFHom7XPPjlRCtb7Pf5lkPelnjI8XS9WU1W7VXxyPupKXKaHAhpYkB5A0L+ap6PtHMk53SMXl67g720pGondwKeSD4FMpp/VLObgOGVPuJQZebcLIU3rVUXxEeXhSuQnW03VI4eXZynDFbDPEkmiWYQOXbHlgcYOB9n0sQMkOljIePAHwzoY56N2BdphwmZskENGlu1BMTi1Qr2470n5O+zkjArYsq94zdhmmVUb8l+Oz7UIdbluXX3Efww3yqkMsF1ndPIzw1nldv86L3gjkOOJ0U= ipaun@ENDAUTObTsP8SMF\n",
                "username": "ipaun"
              }
            ],
            "admin_username": "ipaun",
            "allow_extension_operations": true,
            "availability_set_id": "",
            "boot_diagnostics": [],
            "bypass_platform_safety_checks_on_user_schedule_enabled": false,
            "capacity_reservation_group_id": "",
            "computer_name": "app-vm2",
            "custom_data": null,
            "dedicated_host_group_id": "",
            "dedicated_host_id": "",
            "disable_password_authentication": true,
            "disk_controller_type": "",
            "edge_zone": "",
            "encryption_at_host_enabled": false,
            "eviction_policy": "",
            "extensions_time_budget": "PT1H30M",
            "gallery_application": [],
            "id": "/subscriptions/dbe857d8-f7ea-4c79-bb59-b4e5bc080426/resourceGroups/training-rg-northEU/providers/Microsoft.Compute/virtualMachines/app-vm2",
            "identity": [],
            "license_type": "",
            "location": "northeurope",
            "max_bid_price": -1,
            "name": "app-vm2",
            "network_interface_ids": [
              "/subscriptions/dbe857d8-f7ea-4c79-bb59-b4e5bc080426/resourceGroups/training-rg-northEU/providers/Microsoft.Network/networkInterfaces/app-nic2"
            ],
            "os_disk": [
              {
                "caching": "ReadWrite",
                "diff_disk_settings": [],
                "disk_encryption_set_id": "",
                "disk_size_gb": 30,
                "id": "/subscriptions/dbe857d8-f7ea-4c79-bb59-b4e5bc080426/resourceGroups/training-rg-northEU/providers/Microsoft.Compute/disks/myosdisk2",
                "name": "myosdisk2",
                "secure_vm_disk_encryption_set_id": "",
                "security_encryption_type": "",
                "storage_account_type": "StandardSSD_LRS",
                "write_accelerator_enabled": false
              }
            ],
            "os_image_notification": [],
            "patch_assessment_mode": "ImageDefault",
            "patch_mode": "ImageDefault",
            "plan": [],
            "platform_fault_domain": -1,
            "priority": "Regular",
            "private_ip_address": "10.0.0.4",
            "private_ip_addresses": [
              "10.0.0.4"
            ],
            "provision_vm_agent": true,
            "proximity_placement_group_id": "",
            "public_ip_address": "134.149.41.39",
            "public_ip_addresses": [
              "134.149.41.39"
            ],
            "reboot_setting": "",
            "resource_group_name": "training-rg-northEU",
            "secret": [],
            "secure_boot_enabled": false,
            "size": "Standard_B1s",
            "source_image_id": "",
            "source_image_reference": [
              {
                "offer": "0001-com-ubuntu-server-jammy",
                "publisher": "Canonical",
                "sku": "22_04-lts",
                "version": "latest"
              }
            ],
            "tags": {
              "EndDate": "18.08.2025",
              "ProjectCode": "INTBM999BHD",
              "ProjectName": "AMCloudTraining",
              "ServiceNowID": "RITM0577280"
            },
            "termination_notification": null,
            "timeouts": null,
            "user_data": "",
            "virtual_machine_id": "915eb969-afcd-4207-9f3c-eb4c73614222",
            "virtual_machine_scale_set_id": "",
            "vm_agent_platform_updates_enabled": false,
            "vtpm_enabled": false,
            "zone": ""
          },
          "sensitive_attributes": [
            [
              {
                "type": "get_attr",
                "value": "admin_password"
              }
            ],
            [
              {
                "type": "get_attr",
                "value": "admin_ssh_key"
              }
            ],
            [
              {
                "type": "get_attr",
                "value": "custom_data"
              }
            ]
          ],
          "identity_schema_version": 0,
          "private": "eyJlMmJmYjczMC1lY2FhLTExZTYtOGY4OC0zNDM2M2JjN2M0YzAiOnsiY3JlYXRlIjoyNzAwMDAwMDAwMDAwLCJkZWxldGUiOjI3MDAwMDAwMDAwMDAsInJlYWQiOjMwMDAwMDAwMDAwMCwidXBkYXRlIjoyNzAwMDAwMDAwMDAwfX0=",
          "dependencies": [
            "azurerm_key_vault.training",
            "azurerm_network_interface.training-vm2",
            "azurerm_public_ip.my-vm-public2",
            "azurerm_resource_group.training",
            "azurerm_subnet.sub2",
            "azurerm_virtual_network.training",
            "data.azurerm_client_config.current",
            "data.azurerm_key_vault_secret.ssh_key"
          ]
        }
      ]
    },
    {
      "mode": "managed",
      "type": "azurerm_network_interface",
      "name": "training-vm1",
      "provider": "provider[\"registry.terraform.io/hashicorp/azurerm\"]",
      "instances": [
        {
          "schema_version": 0,
          "attributes": {
            "accelerated_networking_enabled": false,
            "applied_dns_servers": [],
            "auxiliary_mode": "",
            "auxiliary_sku": "",
            "dns_servers": [],
            "edge_zone": "",
            "id": "/subscriptions/dbe857d8-f7ea-4c79-bb59-b4e5bc080426/resourceGroups/training-rg-northEU/providers/Microsoft.Network/networkInterfaces/app-nic1",
            "internal_dns_name_label": "",
            "internal_domain_name_suffix": "trjonj4uvxvexmejtlbqrkcv1b.fx.internal.cloudapp.net",
            "ip_configuration": [
              {
                "gateway_load_balancer_frontend_ip_configuration_id": "",
                "name": "testconfiguration1",
                "primary": true,
                "private_ip_address": "10.0.1.4",
                "private_ip_address_allocation": "Dynamic",
                "private_ip_address_version": "IPv4",
                "public_ip_address_id": "/subscriptions/dbe857d8-f7ea-4c79-bb59-b4e5bc080426/resourceGroups/training-rg-northEU/providers/Microsoft.Network/publicIPAddresses/my-vm-public1",
                "subnet_id": "/subscriptions/dbe857d8-f7ea-4c79-bb59-b4e5bc080426/resourceGroups/training-rg-northEU/providers/Microsoft.Network/virtualNetworks/training-vnet/subnets/app-subnet1"
              }
            ],
            "ip_forwarding_enabled": false,
            "location": "northeurope",
            "mac_address": "7C-ED-8D-2C-01-AF",
            "name": "app-nic1",
            "private_ip_address": "10.0.1.4",
            "private_ip_addresses": [
              "10.0.1.4"
            ],
            "resource_group_name": "training-rg-northEU",
            "tags": {},
            "timeouts": null,
            "virtual_machine_id": "/subscriptions/dbe857d8-f7ea-4c79-bb59-b4e5bc080426/resourceGroups/training-rg-northEU/providers/Microsoft.Compute/virtualMachines/app-vm1"
          },
          "sensitive_attributes": [],
          "identity_schema_version": 0,
          "identity": {
            "name": "app-nic1",
            "resource_group_name": "training-rg-northEU",
            "subscription_id": "dbe857d8-f7ea-4c79-bb59-b4e5bc080426"
          },
          "private": "eyJlMmJmYjczMC1lY2FhLTExZTYtOGY4OC0zNDM2M2JjN2M0YzAiOnsiY3JlYXRlIjoxODAwMDAwMDAwMDAwLCJkZWxldGUiOjE4MDAwMDAwMDAwMDAsInJlYWQiOjMwMDAwMDAwMDAwMCwidXBkYXRlIjoxODAwMDAwMDAwMDAwfX0=",
          "dependencies": [
            "azurerm_public_ip.my-vm-public1",
            "azurerm_resource_group.training",
            "azurerm_subnet.sub1",
            "azurerm_virtual_network.training"
          ]
        }
      ]
    },
    {
      "mode": "managed",
      "type": "azurerm_network_interface",
      "name": "training-vm2",
      "provider": "provider[\"registry.terraform.io/hashicorp/azurerm\"]",
      "instances": [
        {
          "schema_version": 0,
          "attributes": {
            "accelerated_networking_enabled": false,
            "applied_dns_servers": [],
            "auxiliary_mode": "",
            "auxiliary_sku": "",
            "dns_servers": [],
            "edge_zone": "",
            "id": "/subscriptions/dbe857d8-f7ea-4c79-bb59-b4e5bc080426/resourceGroups/training-rg-northEU/providers/Microsoft.Network/networkInterfaces/app-nic2",
            "internal_dns_name_label": "",
            "internal_domain_name_suffix": "trjonj4uvxvexmejtlbqrkcv1b.fx.internal.cloudapp.net",
            "ip_configuration": [
              {
                "gateway_load_balancer_frontend_ip_configuration_id": "",
                "name": "testconfiguration2",
                "primary": true,
                "private_ip_address": "10.0.0.4",
                "private_ip_address_allocation": "Dynamic",
                "private_ip_address_version": "IPv4",
                "public_ip_address_id": "/subscriptions/dbe857d8-f7ea-4c79-bb59-b4e5bc080426/resourceGroups/training-rg-northEU/providers/Microsoft.Network/publicIPAddresses/my-vm-public2",
                "subnet_id": "/subscriptions/dbe857d8-f7ea-4c79-bb59-b4e5bc080426/resourceGroups/training-rg-northEU/providers/Microsoft.Network/virtualNetworks/training-vnet/subnets/app-subnet2"
              }
            ],
            "ip_forwarding_enabled": false,
            "location": "northeurope",
            "mac_address": "7C-1E-52-FB-22-B4",
            "name": "app-nic2",
            "private_ip_address": "10.0.0.4",
            "private_ip_addresses": [
              "10.0.0.4"
            ],
            "resource_group_name": "training-rg-northEU",
            "tags": {},
            "timeouts": null,
            "virtual_machine_id": "/subscriptions/dbe857d8-f7ea-4c79-bb59-b4e5bc080426/resourceGroups/training-rg-northEU/providers/Microsoft.Compute/virtualMachines/app-vm2"
          },
          "sensitive_attributes": [],
          "identity_schema_version": 0,
          "identity": {
            "name": "app-nic2",
            "resource_group_name": "training-rg-northEU",
            "subscription_id": "dbe857d8-f7ea-4c79-bb59-b4e5bc080426"
          },
          "private": "eyJlMmJmYjczMC1lY2FhLTExZTYtOGY4OC0zNDM2M2JjN2M0YzAiOnsiY3JlYXRlIjoxODAwMDAwMDAwMDAwLCJkZWxldGUiOjE4MDAwMDAwMDAwMDAsInJlYWQiOjMwMDAwMDAwMDAwMCwidXBkYXRlIjoxODAwMDAwMDAwMDAwfX0=",
          "dependencies": [
            "azurerm_public_ip.my-vm-public2",
            "azurerm_resource_group.training",
            "azurerm_subnet.sub2",
            "azurerm_virtual_network.training"
          ]
        }
      ]
    },
    {
      "mode": "managed",
      "type": "azurerm_network_interface_backend_address_pool_association",
      "name": "vm1_assoc",
      "provider": "provider[\"registry.terraform.io/hashicorp/azurerm\"]",
      "instances": [
        {
          "schema_version": 0,
          "attributes": {
            "backend_address_pool_id": "/subscriptions/dbe857d8-f7ea-4c79-bb59-b4e5bc080426/resourceGroups/training-rg-northEU/providers/Microsoft.Network/loadBalancers/my-loadbalancer/backendAddressPools/vm-backend-pool",
            "id": "/subscriptions/dbe857d8-f7ea-4c79-bb59-b4e5bc080426/resourceGroups/training-rg-northEU/providers/Microsoft.Network/networkInterfaces/app-nic1/ipConfigurations/testconfiguration1|/subscriptions/dbe857d8-f7ea-4c79-bb59-b4e5bc080426/resourceGroups/training-rg-northEU/providers/Microsoft.Network/loadBalancers/my-loadbalancer/backendAddressPools/vm-backend-pool",
            "ip_configuration_name": "testconfiguration1",
            "network_interface_id": "/subscriptions/dbe857d8-f7ea-4c79-bb59-b4e5bc080426/resourceGroups/training-rg-northEU/providers/Microsoft.Network/networkInterfaces/app-nic1",
            "timeouts": null
          },
          "sensitive_attributes": [],
          "identity_schema_version": 0,
          "private": "eyJlMmJmYjczMC1lY2FhLTExZTYtOGY4OC0zNDM2M2JjN2M0YzAiOnsiY3JlYXRlIjoxODAwMDAwMDAwMDAwLCJkZWxldGUiOjE4MDAwMDAwMDAwMDAsInJlYWQiOjMwMDAwMDAwMDAwMH19",
          "dependencies": [
            "azurerm_lb.main",
            "azurerm_lb_backend_address_pool.backend",
            "azurerm_network_interface.training-vm1",
            "azurerm_public_ip.my-lb-public",
            "azurerm_public_ip.my-vm-public1",
            "azurerm_resource_group.training",
            "azurerm_subnet.sub1",
            "azurerm_virtual_network.training"
          ]
        }
      ]
    },
    {
      "mode": "managed",
      "type": "azurerm_network_interface_backend_address_pool_association",
      "name": "vm2_assoc",
      "provider": "provider[\"registry.terraform.io/hashicorp/azurerm\"]",
      "instances": [
        {
          "schema_version": 0,
          "attributes": {
            "backend_address_pool_id": "/subscriptions/dbe857d8-f7ea-4c79-bb59-b4e5bc080426/resourceGroups/training-rg-northEU/providers/Microsoft.Network/loadBalancers/my-loadbalancer/backendAddressPools/vm-backend-pool",
            "id": "/subscriptions/dbe857d8-f7ea-4c79-bb59-b4e5bc080426/resourceGroups/training-rg-northEU/providers/Microsoft.Network/networkInterfaces/app-nic2/ipConfigurations/testconfiguration2|/subscriptions/dbe857d8-f7ea-4c79-bb59-b4e5bc080426/resourceGroups/training-rg-northEU/providers/Microsoft.Network/loadBalancers/my-loadbalancer/backendAddressPools/vm-backend-pool",
            "ip_configuration_name": "testconfiguration2",
            "network_interface_id": "/subscriptions/dbe857d8-f7ea-4c79-bb59-b4e5bc080426/resourceGroups/training-rg-northEU/providers/Microsoft.Network/networkInterfaces/app-nic2",
            "timeouts": null
          },
          "sensitive_attributes": [],
          "identity_schema_version": 0,
          "private": "eyJlMmJmYjczMC1lY2FhLTExZTYtOGY4OC0zNDM2M2JjN2M0YzAiOnsiY3JlYXRlIjoxODAwMDAwMDAwMDAwLCJkZWxldGUiOjE4MDAwMDAwMDAwMDAsInJlYWQiOjMwMDAwMDAwMDAwMH19",
          "dependencies": [
            "azurerm_lb.main",
            "azurerm_lb_backend_address_pool.backend",
            "azurerm_network_interface.training-vm2",
            "azurerm_public_ip.my-lb-public",
            "azurerm_public_ip.my-vm-public2",
            "azurerm_resource_group.training",
            "azurerm_subnet.sub2",
            "azurerm_virtual_network.training"
          ]
        }
      ]
    },
    {
      "mode": "managed",
      "type": "azurerm_network_security_group",
      "name": "vm1",
      "provider": "provider[\"registry.terraform.io/hashicorp/azurerm\"]",
      "instances": [
        {
          "schema_version": 0,
          "attributes": {
            "id": "/subscriptions/dbe857d8-f7ea-4c79-bb59-b4e5bc080426/resourceGroups/training-rg-northEU/providers/Microsoft.Network/networkSecurityGroups/vm1-security-group",
            "location": "northeurope",
            "name": "vm1-security-group",
            "resource_group_name": "training-rg-northEU",
            "security_rule": [
              {
                "access": "Allow",
                "description": "",
                "destination_address_prefix": "*",
                "destination_address_prefixes": [],
                "destination_application_security_group_ids": [],
                "destination_port_range": "*",
                "destination_port_ranges": [],
                "direction": "Inbound",
                "name": "inbound1",
                "priority": 100,
                "protocol": "Tcp",
                "source_address_prefix": "128.77.15.12",
                "source_address_prefixes": [],
                "source_application_security_group_ids": [],
                "source_port_range": "*",
                "source_port_ranges": []
              },
              {
                "access": "Allow",
                "description": "",
                "destination_address_prefix": "*",
                "destination_address_prefixes": [],
                "destination_application_security_group_ids": [],
                "destination_port_range": "22",
                "destination_port_ranges": [],
                "direction": "Inbound",
                "name": "Allow-SSH-Probe-From-LB",
                "priority": 110,
                "protocol": "Tcp",
                "source_address_prefix": "AzureLoadBalancer",
                "source_address_prefixes": [],
                "source_application_security_group_ids": [],
                "source_port_range": "*",
                "source_port_ranges": []
              }
            ],
            "tags": {
              "EndDate": "18.08.2025",
              "ProjectCode": "INTBM999BHD",
              "ProjectName": "AMCloudTraining",
              "ServiceNowID": "RITM0577280",
              "owner": "ipaun"
            },
            "timeouts": null
          },
          "sensitive_attributes": [],
          "identity_schema_version": 0,
          "identity": {
            "name": "vm1-security-group",
            "resource_group_name": "training-rg-northEU",
            "subscription_id": "dbe857d8-f7ea-4c79-bb59-b4e5bc080426"
          },
          "private": "eyJlMmJmYjczMC1lY2FhLTExZTYtOGY4OC0zNDM2M2JjN2M0YzAiOnsiY3JlYXRlIjoxODAwMDAwMDAwMDAwLCJkZWxldGUiOjE4MDAwMDAwMDAwMDAsInJlYWQiOjMwMDAwMDAwMDAwMCwidXBkYXRlIjoxODAwMDAwMDAwMDAwfX0=",
          "dependencies": [
            "azurerm_resource_group.training"
          ]
        }
      ]
    },
    {
      "mode": "managed",
      "type": "azurerm_network_security_group",
      "name": "vm2",
      "provider": "provider[\"registry.terraform.io/hashicorp/azurerm\"]",
      "instances": [
        {
          "schema_version": 0,
          "attributes": {
            "id": "/subscriptions/dbe857d8-f7ea-4c79-bb59-b4e5bc080426/resourceGroups/training-rg-northEU/providers/Microsoft.Network/networkSecurityGroups/vm2-security-group",
            "location": "northeurope",
            "name": "vm2-security-group",
            "resource_group_name": "training-rg-northEU",
            "security_rule": [
              {
                "access": "Allow",
                "description": "",
                "destination_address_prefix": "*",
                "destination_address_prefixes": [],
                "destination_application_security_group_ids": [],
                "destination_port_range": "*",
                "destination_port_ranges": [],
                "direction": "Inbound",
                "name": "inbound1",
                "priority": 100,
                "protocol": "Tcp",
                "source_address_prefix": "128.77.15.12",
                "source_address_prefixes": [],
                "source_application_security_group_ids": [],
                "source_port_range": "*",
                "source_port_ranges": []
              },
              {
                "access": "Allow",
                "description": "",
                "destination_address_prefix": "*",
                "destination_address_prefixes": [],
                "destination_application_security_group_ids": [],
                "destination_port_range": "22",
                "destination_port_ranges": [],
                "direction": "Inbound",
                "name": "Allow-SSH-Probe-From-LB",
                "priority": 110,
                "protocol": "Tcp",
                "source_address_prefix": "AzureLoadBalancer",
                "source_address_prefixes": [],
                "source_application_security_group_ids": [],
                "source_port_range": "*",
                "source_port_ranges": []
              }
            ],
            "tags": {
              "EndDate": "18.08.2025",
              "ProjectCode": "INTBM999BHD",
              "ProjectName": "AMCloudTraining",
              "ServiceNowID": "RITM0577280",
              "owner": "ipaun"
            },
            "timeouts": null
          },
          "sensitive_attributes": [],
          "identity_schema_version": 0,
          "identity": {
            "name": "vm2-security-group",
            "resource_group_name": "training-rg-northEU",
            "subscription_id": "dbe857d8-f7ea-4c79-bb59-b4e5bc080426"
          },
          "private": "eyJlMmJmYjczMC1lY2FhLTExZTYtOGY4OC0zNDM2M2JjN2M0YzAiOnsiY3JlYXRlIjoxODAwMDAwMDAwMDAwLCJkZWxldGUiOjE4MDAwMDAwMDAwMDAsInJlYWQiOjMwMDAwMDAwMDAwMCwidXBkYXRlIjoxODAwMDAwMDAwMDAwfX0=",
          "dependencies": [
            "azurerm_resource_group.training"
          ]
        }
      ]
    },
    {
      "mode": "managed",
      "type": "azurerm_public_ip",
      "name": "my-lb-public",
      "provider": "provider[\"registry.terraform.io/hashicorp/azurerm\"]",
      "instances": [
        {
          "schema_version": 0,
          "attributes": {
            "allocation_method": "Static",
            "ddos_protection_mode": "VirtualNetworkInherited",
            "ddos_protection_plan_id": null,
            "domain_name_label": null,
            "domain_name_label_scope": null,
            "edge_zone": "",
            "fqdn": null,
            "id": "/subscriptions/dbe857d8-f7ea-4c79-bb59-b4e5bc080426/resourceGroups/training-rg-northEU/providers/Microsoft.Network/publicIPAddresses/my-lb-public",
            "idle_timeout_in_minutes": 4,
            "ip_address": "98.71.96.136",
            "ip_tags": {},
            "ip_version": "IPv4",
            "location": "northeurope",
            "name": "my-lb-public",
            "public_ip_prefix_id": null,
            "resource_group_name": "training-rg-northEU",
            "reverse_fqdn": null,
            "sku": "Standard",
            "sku_tier": "Regional",
            "tags": {
              "EndDate": "18.08.2025",
              "ProjectCode": "INTBM999BHD",
              "ProjectName": "AMCloudTraining",
              "ServiceNowID": "RITM0577280"
            },
            "timeouts": null,
            "zones": []
          },
          "sensitive_attributes": [],
          "identity_schema_version": 0,
          "private": "eyJlMmJmYjczMC1lY2FhLTExZTYtOGY4OC0zNDM2M2JjN2M0YzAiOnsiY3JlYXRlIjoxODAwMDAwMDAwMDAwLCJkZWxldGUiOjE4MDAwMDAwMDAwMDAsInJlYWQiOjMwMDAwMDAwMDAwMCwidXBkYXRlIjoxODAwMDAwMDAwMDAwfX0=",
          "dependencies": [
            "azurerm_resource_group.training"
          ]
        }
      ]
    },
    {
      "mode": "managed",
      "type": "azurerm_public_ip",
      "name": "my-vm-public1",
      "provider": "provider[\"registry.terraform.io/hashicorp/azurerm\"]",
      "instances": [
        {
          "schema_version": 0,
          "attributes": {
            "allocation_method": "Static",
            "ddos_protection_mode": "VirtualNetworkInherited",
            "ddos_protection_plan_id": null,
            "domain_name_label": null,
            "domain_name_label_scope": null,
            "edge_zone": "",
            "fqdn": null,
            "id": "/subscriptions/dbe857d8-f7ea-4c79-bb59-b4e5bc080426/resourceGroups/training-rg-northEU/providers/Microsoft.Network/publicIPAddresses/my-vm-public1",
            "idle_timeout_in_minutes": 4,
            "ip_address": "134.149.57.33",
            "ip_tags": {},
            "ip_version": "IPv4",
            "location": "northeurope",
            "name": "my-vm-public1",
            "public_ip_prefix_id": null,
            "resource_group_name": "training-rg-northEU",
            "reverse_fqdn": null,
            "sku": "Standard",
            "sku_tier": "Regional",
            "tags": {
              "EndDate": "18.08.2025",
              "ProjectCode": "INTBM999BHD",
              "ProjectName": "AMCloudTraining",
              "ServiceNowID": "RITM0577280"
            },
            "timeouts": null,
            "zones": []
          },
          "sensitive_attributes": [],
          "identity_schema_version": 0,
          "private": "eyJlMmJmYjczMC1lY2FhLTExZTYtOGY4OC0zNDM2M2JjN2M0YzAiOnsiY3JlYXRlIjoxODAwMDAwMDAwMDAwLCJkZWxldGUiOjE4MDAwMDAwMDAwMDAsInJlYWQiOjMwMDAwMDAwMDAwMCwidXBkYXRlIjoxODAwMDAwMDAwMDAwfX0=",
          "dependencies": [
            "azurerm_resource_group.training"
          ]
        }
      ]
    },
    {
      "mode": "managed",
      "type": "azurerm_public_ip",
      "name": "my-vm-public2",
      "provider": "provider[\"registry.terraform.io/hashicorp/azurerm\"]",
      "instances": [
        {
          "schema_version": 0,
          "attributes": {
            "allocation_method": "Static",
            "ddos_protection_mode": "VirtualNetworkInherited",
            "ddos_protection_plan_id": null,
            "domain_name_label": null,
            "domain_name_label_scope": null,
            "edge_zone": "",
            "fqdn": null,
            "id": "/subscriptions/dbe857d8-f7ea-4c79-bb59-b4e5bc080426/resourceGroups/training-rg-northEU/providers/Microsoft.Network/publicIPAddresses/my-vm-public2",
            "idle_timeout_in_minutes": 4,
            "ip_address": "134.149.41.39",
            "ip_tags": {},
            "ip_version": "IPv4",
            "location": "northeurope",
            "name": "my-vm-public2",
            "public_ip_prefix_id": null,
            "resource_group_name": "training-rg-northEU",
            "reverse_fqdn": null,
            "sku": "Standard",
            "sku_tier": "Regional",
            "tags": {
              "EndDate": "18.08.2025",
              "ProjectCode": "INTBM999BHD",
              "ProjectName": "AMCloudTraining",
              "ServiceNowID": "RITM0577280"
            },
            "timeouts": null,
            "zones": []
          },
          "sensitive_attributes": [],
          "identity_schema_version": 0,
          "private": "eyJlMmJmYjczMC1lY2FhLTExZTYtOGY4OC0zNDM2M2JjN2M0YzAiOnsiY3JlYXRlIjoxODAwMDAwMDAwMDAwLCJkZWxldGUiOjE4MDAwMDAwMDAwMDAsInJlYWQiOjMwMDAwMDAwMDAwMCwidXBkYXRlIjoxODAwMDAwMDAwMDAwfX0=",
          "dependencies": [
            "azurerm_resource_group.training"
          ]
        }
      ]
    },
    {
      "mode": "managed",
      "type": "azurerm_resource_group",
      "name": "training",
      "provider": "provider[\"registry.terraform.io/hashicorp/azurerm\"]",
      "instances": [
        {
          "schema_version": 0,
          "attributes": {
            "id": "/subscriptions/dbe857d8-f7ea-4c79-bb59-b4e5bc080426/resourceGroups/training-rg-northEU",
            "location": "northeurope",
            "managed_by": "",
            "name": "training-rg-northEU",
            "tags": {
              "EndDate": "18.08.2025",
              "ProjectCode": "INTBM999BHD",
              "ProjectName": "AMCloudTraining",
              "ServiceNowID": "RITM0577280",
              "owner": "ipaun"
            },
            "timeouts": null
          },
          "sensitive_attributes": [],
          "identity_schema_version": 0,
          "private": "eyJlMmJmYjczMC1lY2FhLTExZTYtOGY4OC0zNDM2M2JjN2M0YzAiOnsiY3JlYXRlIjo1NDAwMDAwMDAwMDAwLCJkZWxldGUiOjU0MDAwMDAwMDAwMDAsInJlYWQiOjMwMDAwMDAwMDAwMCwidXBkYXRlIjo1NDAwMDAwMDAwMDAwfX0="
        }
      ]
    },
    {
      "mode": "managed",
      "type": "azurerm_subnet",
      "name": "sub1",
      "provider": "provider[\"registry.terraform.io/hashicorp/azurerm\"]",
      "instances": [
        {
          "schema_version": 0,
          "attributes": {
            "address_prefixes": [
              "10.0.1.0/24"
            ],
            "default_outbound_access_enabled": true,
            "delegation": [],
            "id": "/subscriptions/dbe857d8-f7ea-4c79-bb59-b4e5bc080426/resourceGroups/training-rg-northEU/providers/Microsoft.Network/virtualNetworks/training-vnet/subnets/app-subnet1",
            "name": "app-subnet1",
            "private_endpoint_network_policies": "Disabled",
            "private_link_service_network_policies_enabled": true,
            "resource_group_name": "training-rg-northEU",
            "service_endpoint_policy_ids": [],
            "service_endpoints": [],
            "timeouts": null,
            "virtual_network_name": "training-vnet"
          },
          "sensitive_attributes": [],
          "identity_schema_version": 0,
          "identity": {
            "name": "app-subnet1",
            "resource_group_name": "training-rg-northEU",
            "subscription_id": "dbe857d8-f7ea-4c79-bb59-b4e5bc080426",
            "virtual_network_name": "training-vnet"
          },
          "private": "eyJlMmJmYjczMC1lY2FhLTExZTYtOGY4OC0zNDM2M2JjN2M0YzAiOnsiY3JlYXRlIjoxODAwMDAwMDAwMDAwLCJkZWxldGUiOjE4MDAwMDAwMDAwMDAsInJlYWQiOjMwMDAwMDAwMDAwMCwidXBkYXRlIjoxODAwMDAwMDAwMDAwfX0=",
          "dependencies": [
            "azurerm_resource_group.training",
            "azurerm_virtual_network.training"
          ]
        }
      ]
    },
    {
      "mode": "managed",
      "type": "azurerm_subnet",
      "name": "sub2",
      "provider": "provider[\"registry.terraform.io/hashicorp/azurerm\"]",
      "instances": [
        {
          "schema_version": 0,
          "attributes": {
            "address_prefixes": [
              "10.0.0.0/29"
            ],
            "default_outbound_access_enabled": true,
            "delegation": [],
            "id": "/subscriptions/dbe857d8-f7ea-4c79-bb59-b4e5bc080426/resourceGroups/training-rg-northEU/providers/Microsoft.Network/virtualNetworks/training-vnet/subnets/app-subnet2",
            "name": "app-subnet2",
            "private_endpoint_network_policies": "Disabled",
            "private_link_service_network_policies_enabled": true,
            "resource_group_name": "training-rg-northEU",
            "service_endpoint_policy_ids": [],
            "service_endpoints": [],
            "timeouts": null,
            "virtual_network_name": "training-vnet"
          },
          "sensitive_attributes": [],
          "identity_schema_version": 0,
          "identity": {
            "name": "app-subnet2",
            "resource_group_name": "training-rg-northEU",
            "subscription_id": "dbe857d8-f7ea-4c79-bb59-b4e5bc080426",
            "virtual_network_name": "training-vnet"
          },
          "private": "eyJlMmJmYjczMC1lY2FhLTExZTYtOGY4OC0zNDM2M2JjN2M0YzAiOnsiY3JlYXRlIjoxODAwMDAwMDAwMDAwLCJkZWxldGUiOjE4MDAwMDAwMDAwMDAsInJlYWQiOjMwMDAwMDAwMDAwMCwidXBkYXRlIjoxODAwMDAwMDAwMDAwfX0=",
          "dependencies": [
            "azurerm_resource_group.training",
            "azurerm_virtual_network.training"
          ]
        }
      ]
    },
    {
      "mode": "managed",
      "type": "azurerm_subnet_network_security_group_association",
      "name": "sub1",
      "provider": "provider[\"registry.terraform.io/hashicorp/azurerm\"]",
      "instances": [
        {
          "schema_version": 0,
          "attributes": {
            "id": "/subscriptions/dbe857d8-f7ea-4c79-bb59-b4e5bc080426/resourceGroups/training-rg-northEU/providers/Microsoft.Network/virtualNetworks/training-vnet/subnets/app-subnet1",
            "network_security_group_id": "/subscriptions/dbe857d8-f7ea-4c79-bb59-b4e5bc080426/resourceGroups/training-rg-northEU/providers/Microsoft.Network/networkSecurityGroups/vm1-security-group",
            "subnet_id": "/subscriptions/dbe857d8-f7ea-4c79-bb59-b4e5bc080426/resourceGroups/training-rg-northEU/providers/Microsoft.Network/virtualNetworks/training-vnet/subnets/app-subnet1",
            "timeouts": null
          },
          "sensitive_attributes": [],
          "identity_schema_version": 0,
          "private": "eyJlMmJmYjczMC1lY2FhLTExZTYtOGY4OC0zNDM2M2JjN2M0YzAiOnsiY3JlYXRlIjoxODAwMDAwMDAwMDAwLCJkZWxldGUiOjE4MDAwMDAwMDAwMDAsInJlYWQiOjMwMDAwMDAwMDAwMH19",
          "dependencies": [
            "azurerm_network_security_group.vm1",
            "azurerm_resource_group.training",
            "azurerm_subnet.sub1",
            "azurerm_virtual_network.training"
          ]
        }
      ]
    },
    {
      "mode": "managed",
      "type": "azurerm_subnet_network_security_group_association",
      "name": "sub2",
      "provider": "provider[\"registry.terraform.io/hashicorp/azurerm\"]",
      "instances": [
        {
          "schema_version": 0,
          "attributes": {
            "id": "/subscriptions/dbe857d8-f7ea-4c79-bb59-b4e5bc080426/resourceGroups/training-rg-northEU/providers/Microsoft.Network/virtualNetworks/training-vnet/subnets/app-subnet2",
            "network_security_group_id": "/subscriptions/dbe857d8-f7ea-4c79-bb59-b4e5bc080426/resourceGroups/training-rg-northEU/providers/Microsoft.Network/networkSecurityGroups/vm2-security-group",
            "subnet_id": "/subscriptions/dbe857d8-f7ea-4c79-bb59-b4e5bc080426/resourceGroups/training-rg-northEU/providers/Microsoft.Network/virtualNetworks/training-vnet/subnets/app-subnet2",
            "timeouts": null
          },
          "sensitive_attributes": [],
          "identity_schema_version": 0,
          "private": "eyJlMmJmYjczMC1lY2FhLTExZTYtOGY4OC0zNDM2M2JjN2M0YzAiOnsiY3JlYXRlIjoxODAwMDAwMDAwMDAwLCJkZWxldGUiOjE4MDAwMDAwMDAwMDAsInJlYWQiOjMwMDAwMDAwMDAwMH19",
          "dependencies": [
            "azurerm_network_security_group.vm2",
            "azurerm_resource_group.training",
            "azurerm_subnet.sub2",
            "azurerm_virtual_network.training"
          ]
        }
      ]
    },
    {
      "mode": "managed",
      "type": "azurerm_virtual_network",
      "name": "training",
      "provider": "provider[\"registry.terraform.io/hashicorp/azurerm\"]",
      "instances": [
        {
          "schema_version": 0,
          "attributes": {
            "address_space": [
              "10.0.0.0/16"
            ],
            "bgp_community": "",
            "ddos_protection_plan": [],
            "dns_servers": [],
            "edge_zone": "",
            "encryption": [],
            "flow_timeout_in_minutes": 0,
            "guid": "a7e6529c-add4-4bea-b089-9ac308a855d9",
            "id": "/subscriptions/dbe857d8-f7ea-4c79-bb59-b4e5bc080426/resourceGroups/training-rg-northEU/providers/Microsoft.Network/virtualNetworks/training-vnet",
            "ip_address_pool": [],
            "location": "northeurope",
            "name": "training-vnet",
            "private_endpoint_vnet_policies": "Disabled",
            "resource_group_name": "training-rg-northEU",
            "subnet": [
              {
                "address_prefixes": [
                  "10.0.0.0/29"
                ],
                "default_outbound_access_enabled": true,
                "delegation": [],
                "id": "/subscriptions/dbe857d8-f7ea-4c79-bb59-b4e5bc080426/resourceGroups/training-rg-northEU/providers/Microsoft.Network/virtualNetworks/training-vnet/subnets/app-subnet2",
                "name": "app-subnet2",
                "private_endpoint_network_policies": "Disabled",
                "private_link_service_network_policies_enabled": true,
                "route_table_id": "",
                "security_group": "/subscriptions/dbe857d8-f7ea-4c79-bb59-b4e5bc080426/resourceGroups/training-rg-northEU/providers/Microsoft.Network/networkSecurityGroups/vm2-security-group",
                "service_endpoint_policy_ids": [],
                "service_endpoints": []
              },
              {
                "address_prefixes": [
                  "10.0.1.0/24"
                ],
                "default_outbound_access_enabled": true,
                "delegation": [],
                "id": "/subscriptions/dbe857d8-f7ea-4c79-bb59-b4e5bc080426/resourceGroups/training-rg-northEU/providers/Microsoft.Network/virtualNetworks/training-vnet/subnets/app-subnet1",
                "name": "app-subnet1",
                "private_endpoint_network_policies": "Disabled",
                "private_link_service_network_policies_enabled": true,
                "route_table_id": "",
                "security_group": "/subscriptions/dbe857d8-f7ea-4c79-bb59-b4e5bc080426/resourceGroups/training-rg-northEU/providers/Microsoft.Network/networkSecurityGroups/vm1-security-group",
                "service_endpoint_policy_ids": [],
                "service_endpoints": []
              }
            ],
            "tags": {
              "EndDate": "18.08.2025",
              "ProjectCode": "INTBM999BHD",
              "ProjectName": "AMCloudTraining",
              "ServiceNowID": "RITM0577280",
              "owner": "ipaun"
            },
            "timeouts": null
          },
          "sensitive_attributes": [],
          "identity_schema_version": 0,
          "identity": {
            "name": "training-vnet",
            "resource_group_name": "training-rg-northEU",
            "subscription_id": "dbe857d8-f7ea-4c79-bb59-b4e5bc080426"
          },
          "private": "eyJlMmJmYjczMC1lY2FhLTExZTYtOGY4OC0zNDM2M2JjN2M0YzAiOnsiY3JlYXRlIjoxODAwMDAwMDAwMDAwLCJkZWxldGUiOjE4MDAwMDAwMDAwMDAsInJlYWQiOjMwMDAwMDAwMDAwMCwidXBkYXRlIjoxODAwMDAwMDAwMDAwfX0=",
          "dependencies": [
            "azurerm_resource_group.training"
          ]
        }
      ]
    },
    {
      "mode": "managed",
      "type": "tls_private_key",
      "name": "ssh",
      "provider": "provider[\"registry.terraform.io/hashicorp/tls\"]",
      "instances": [
        {
          "schema_version": 1,
          "attributes": {
            "algorithm": "RSA",
            "ecdsa_curve": "P224",
            "id": "997aacce9536b04469ca6165817cd88c45ea7d02",
            "private_key_openssh": "-----BEGIN OPENSSH PRIVATE KEY-----\nb3BlbnNzaC1rZXktdjEAAAAABG5vbmUAAAAEbm9uZQAAAAAAAAABAAACFwAAAAdz\nc2gtcnNhAAAAAwEAAQAAAgEAmSClRzcD8CupkWPDll1d9vwYYQ5/7xh2ZIou2BUu\nR8t/ljo4r8jPKSmN3Fv7CUpAGkJoBXNphgY/UDZx1AwI1k4TUjI4qhzMN4gAMbTb\nW5rwzI42sB1CRDqYFjoLmMEI7Z57Z7xK37sfeTuNsUSb9JOHbhUK+TYGHQmKbD7f\nhl7o/Ys5Fs+9/xI1w38ZmXfDhU6TxK2aYJoKco+8JQnD0BmVO+LnrAdu6L9ncOZ+\nhtU/u8/MtXVP/YdUTpbZMldv73dsZAsJjteR58oQXoE591/55M//BkCgi7lSMvz4\nlsUh9lD4lSPj/imSu1a0gTqzOj1WMZl3/vi0Y5YoNKn7JeKDTgEMXT8a/D87bg38\njUfLW98SSuozw3ucJZkmEqFqvQUbgBiebz7gD9iKUTAnKFZiY6oJ0mLimCqKOcyB\nvSqjmX4xtWexAYv6DDmPK/07/8iJh5yvCZqxYxP61gDBBUEeMMYo81Su55o9FhW2\nt7AvIGLYBPmQQDRmEawW9RT3mGqqZoiQVEshyb83WncZnG7r9B7VSBt3PR5eHlyc\nGDRQfcRWWDQdTnQm/EqJfud2vSCahoKD7ButQpcbuuiHOpnZhc7eadSYSwoLfFlc\nlZwLn4VqTdrZXrKMTx1amHVm9bC610QWoO2LF5TzBGpYGlKW1PhdRvM7dqvor+Aj\n1o0AAAc4+6JhivuiYYoAAAAHc3NoLXJzYQAAAgEAmSClRzcD8CupkWPDll1d9vwY\nYQ5/7xh2ZIou2BUuR8t/ljo4r8jPKSmN3Fv7CUpAGkJoBXNphgY/UDZx1AwI1k4T\nUjI4qhzMN4gAMbTbW5rwzI42sB1CRDqYFjoLmMEI7Z57Z7xK37sfeTuNsUSb9JOH\nbhUK+TYGHQmKbD7fhl7o/Ys5Fs+9/xI1w38ZmXfDhU6TxK2aYJoKco+8JQnD0BmV\nO+LnrAdu6L9ncOZ+htU/u8/MtXVP/YdUTpbZMldv73dsZAsJjteR58oQXoE591/5\n5M//BkCgi7lSMvz4lsUh9lD4lSPj/imSu1a0gTqzOj1WMZl3/vi0Y5YoNKn7JeKD\nTgEMXT8a/D87bg38jUfLW98SSuozw3ucJZkmEqFqvQUbgBiebz7gD9iKUTAnKFZi\nY6oJ0mLimCqKOcyBvSqjmX4xtWexAYv6DDmPK/07/8iJh5yvCZqxYxP61gDBBUEe\nMMYo81Su55o9FhW2t7AvIGLYBPmQQDRmEawW9RT3mGqqZoiQVEshyb83WncZnG7r\n9B7VSBt3PR5eHlycGDRQfcRWWDQdTnQm/EqJfud2vSCahoKD7ButQpcbuuiHOpnZ\nhc7eadSYSwoLfFlclZwLn4VqTdrZXrKMTx1amHVm9bC610QWoO2LF5TzBGpYGlKW\n1PhdRvM7dqvor+Aj1o0AAAADAQABAAACAAesNZaPFfuY9yWpqzljvfDBaqf5AIW7\n+Dlgcn7G95XcXK0Wh2meH8HkavnMLWomliCwDCNIcv9RXScem0SF7S7DzxRddNkS\nmVRSVGQpN5vsSb2OMK+mv6pzNH9Z8uPOuaz3tcpEX+IRr77fh4wxhQ5TvW5RepvI\neQpHxJpY6igC+xyyjFlCw+E93y4dC8IqA0TbjkGay0ik30954/JdKLp1gF9K/Chy\ntObPqcC5TpoLTGa+P6J7WYHkH+Anjy7bvRLxgnUJgotC7PTW0KF+SyfEijJ3Y5lu\nGpKgZhMs+Xh13JZJh13TDw+uCJlU0Qrv+d66B7weKv+TzwIgb4JNXsqlf+sTtdTl\nKqb4OFmVzaBsIU3zxTb8scfAWzvmFf/WJbqwbiJO1THKN8TW8QE9GlYaA1oCVqtY\nMYJhl9A48XfnHUNWDTgqjkj9/Jv38DiId4IF8AVv0oavbS/cedHn0r8+JDfkgIni\nuJwYmCJkQqckUN8KjTcTF4wuAULshgFJtIR09/lcfW6yISZ3Exi1clR4CsCaS6i0\nWa80lRdlwAAv9Odz2RPhq5a7QiMckf+U61MG8RhkD0pXAB/pmI4zR3XANL4DGJEZ\n8iFqFCslsmXfYnLt9zK3dtPKdOLXdSGLxrk2eh0m6gsGb4urMQnfkUtOvR0V0Lxs\nXRtoesNwMq/nAAABADBMbg8BrWzbMSKQe33poVe1/2jjN78iDc3Usj9sDnUP0DZe\nuLzvaeKx69jSFqTpGXtDT+nlppUOITs5ktM+xD7cFXqmGsMb/uftbfm285asUSYM\nnXLA8dcXO2c3UalTIjalyjQ2awRqvAJru7f5IbB5DKQhi5MoK23S7mlCa7Al453K\nHA7PRzIbK7hvkI+bWsfrt6UACecZIRxc+/0kbUNVo0S3KprM2dXl/WKAnJhNbFSV\ny3kvI+YRsgzbPPTIqGZz8OKK/rFhnTDBeo0dMYlle+l0UFdzG5qKw8mhlgCnpX7j\nbf/iUolhKXMlgQpGsSSkYAtuN/mIvIVPzmiA2LwAAAEBAMUFY0mjDdkFzAlCjrK6\nWFXkPp8y6I6++da1RJF0k8SX2fzFzQ7qUctM08XUiVk3w5NA6VoMcBz0Jfqw8TTt\n7ml1iFdaWNBzqMyEw8afR7sASIirU54oY4iWOD43ATZTl9RfMB15JdWfxxKbJjWm\nvnUMASmePtMbJ7j/TzUIRvSiQ5chtzgbAxTzIEV1PrGGyHvc2NJ4Rf5lFROynDnr\nbo1MAMv99MVcp+x/UHh+iYzkkrp9SYs7FHMtZtocMSiPrv/h5bvRNqA7P3c1c1qT\nt3Jg2T2bccV/+OThECsOyhO3Rt+Wq3o4aY0yXHhnSR4z5bT9RA1I6ws6R+/6eIPM\n3gcAAAEBAMb3f7WjcgMZS+VQIqKPdVFlcDDM/fsXuTKKAvSnVAAbhGR7RPbZwlAS\n5hu9Q3WFa5G8ONbUY83WBsd8vHgbSLnWyMT8r7ljjiCwfs7ITepseqeWUqt3B9VV\nyDS0CoFh2HgoLYT2JGzD8CrLAkFm7hKPKA1AJMr6QIxV9x3DKrmqTjobCaGM4ovA\nuKjq9lKfN3+WIYtOhWgTKl9jBbORweM4PwNZEnedtQdpbp7a4rp0BrMTKy31LPki\n7TWnNwYQfUvXXBuiPV0x+LRZ9fvsNAYr2RMwjWyoizbEn7RBxn011fzw52DlVAOz\njnMCvfCRLJIHgAhxzHTVMXgHbdEwQcsAAAAAAQID\n-----END OPENSSH PRIVATE KEY-----\n",
            "private_key_pem": "-----BEGIN RSA PRIVATE KEY-----\nMIIJKAIBAAKCAgEAmSClRzcD8CupkWPDll1d9vwYYQ5/7xh2ZIou2BUuR8t/ljo4\nr8jPKSmN3Fv7CUpAGkJoBXNphgY/UDZx1AwI1k4TUjI4qhzMN4gAMbTbW5rwzI42\nsB1CRDqYFjoLmMEI7Z57Z7xK37sfeTuNsUSb9JOHbhUK+TYGHQmKbD7fhl7o/Ys5\nFs+9/xI1w38ZmXfDhU6TxK2aYJoKco+8JQnD0BmVO+LnrAdu6L9ncOZ+htU/u8/M\ntXVP/YdUTpbZMldv73dsZAsJjteR58oQXoE591/55M//BkCgi7lSMvz4lsUh9lD4\nlSPj/imSu1a0gTqzOj1WMZl3/vi0Y5YoNKn7JeKDTgEMXT8a/D87bg38jUfLW98S\nSuozw3ucJZkmEqFqvQUbgBiebz7gD9iKUTAnKFZiY6oJ0mLimCqKOcyBvSqjmX4x\ntWexAYv6DDmPK/07/8iJh5yvCZqxYxP61gDBBUEeMMYo81Su55o9FhW2t7AvIGLY\nBPmQQDRmEawW9RT3mGqqZoiQVEshyb83WncZnG7r9B7VSBt3PR5eHlycGDRQfcRW\nWDQdTnQm/EqJfud2vSCahoKD7ButQpcbuuiHOpnZhc7eadSYSwoLfFlclZwLn4Vq\nTdrZXrKMTx1amHVm9bC610QWoO2LF5TzBGpYGlKW1PhdRvM7dqvor+Aj1o0CAwEA\nAQKCAgAHrDWWjxX7mPclqas5Y73wwWqn+QCFu/g5YHJ+xveV3FytFodpnh/B5Gr5\nzC1qJpYgsAwjSHL/UV0nHptEhe0uw88UXXTZEplUUlRkKTeb7Em9jjCvpr+qczR/\nWfLjzrms97XKRF/iEa++34eMMYUOU71uUXqbyHkKR8SaWOooAvscsoxZQsPhPd8u\nHQvCKgNE245BmstIpN9PeePyXSi6dYBfSvwocrTmz6nAuU6aC0xmvj+ie1mB5B/g\nJ48u270S8YJ1CYKLQuz01tChfksnxIoyd2OZbhqSoGYTLPl4ddyWSYdd0w8PrgiZ\nVNEK7/neuge8Hir/k88CIG+CTV7KpX/rE7XU5Sqm+DhZlc2gbCFN88U2/LHHwFs7\n5hX/1iW6sG4iTtUxyjfE1vEBPRpWGgNaAlarWDGCYZfQOPF35x1DVg04Ko5I/fyb\n9/A4iHeCBfAFb9KGr20v3HnR59K/PiQ35ICJ4ricGJgiZEKnJFDfCo03ExeMLgFC\n7IYBSbSEdPf5XH1usiEmdxMYtXJUeArAmkuotFmvNJUXZcAAL/Tnc9kT4auWu0Ij\nHJH/lOtTBvEYZA9KVwAf6ZiOM0d1wDS+AxiRGfIhahQrJbJl32Jy7fcyt3bTynTi\n13Uhi8a5NnodJuoLBm+LqzEJ35FLTr0dFdC8bF0baHrDcDKv5wKCAQEAxQVjSaMN\n2QXMCUKOsrpYVeQ+nzLojr751rVEkXSTxJfZ/MXNDupRy0zTxdSJWTfDk0DpWgxw\nHPQl+rDxNO3uaXWIV1pY0HOozITDxp9HuwBIiKtTnihjiJY4PjcBNlOX1F8wHXkl\n1Z/HEpsmNaa+dQwBKZ4+0xsnuP9PNQhG9KJDlyG3OBsDFPMgRXU+sYbIe9zY0nhF\n/mUVE7KcOetujUwAy/30xVyn7H9QeH6JjOSSun1JizsUcy1m2hwxKI+u/+Hlu9E2\noDs/dzVzWpO3cmDZPZtxxX/45OEQKw7KE7dG35arejhpjTJceGdJHjPltP1EDUjr\nCzpH7/p4g8zeBwKCAQEAxvd/taNyAxlL5VAioo91UWVwMMz9+xe5MooC9KdUABuE\nZHtE9tnCUBLmG71DdYVrkbw41tRjzdYGx3y8eBtIudbIxPyvuWOOILB+zshN6mx6\np5ZSq3cH1VXINLQKgWHYeCgthPYkbMPwKssCQWbuEo8oDUAkyvpAjFX3HcMquapO\nOhsJoYzii8C4qOr2Up83f5Yhi06FaBMqX2MFs5HB4zg/A1kSd521B2luntriunQG\nsxMrLfUs+SLtNac3BhB9S9dcG6I9XTH4tFn1++w0BivZEzCNbKiLNsSftEHGfTXV\n/PDnYOVUA7OOcwK98JEskgeACHHMdNUxeAdt0TBBywKCAQEAvP3IGlDw7adj69YO\nsF+UcP/7GhdpgdSsMEu9tJHRVZocnx7W72HSiGPwGSshfZXCY7S2o4ye1wdUjz/A\ngXdjZYI7ASBHZd4so9MPQa50zmsdKQy/r00q/VCsLvHwlb5mPG/65araoisceTqe\n0oRa2khjrRqBRVwdJJaz0jlYZz5n+8d5y7YNpMD7yeUH+J9EHZzh2DNLYRZxu21v\n8xdl+uBXO1cmv1N8OZ5/ALbRF3gDUCTysT5BBaMdsEeu2CvMQOTezOWJsvZikOWS\n++YK6QsCGNjNsBhsFpHWQpdzPKpor/4GC72lcq5GibD6MKCzzoPMDbpOzXxgmVD4\n3eVdbQKCAQBozQTfz+/F4hUv/D3CEn5hGWU2z0MYdy59iGR2KYz9YYEizCtPOvQ2\n6T17bv2RcW1vngzyW30Wdp2rhfBf8z8jZBbsa4zDwcSjQ1QH50njKLCShYOV/WSK\n4lxKJmtCKx+yardPSbd18t8WK0hM2sKb0/vsvtSidZ56TO2VJ6/hi+sYgBVamrLZ\nmfGqR9jnPCYndhTFI97xKucuxyHBrAzMelv2j3xCtTcdaFN0KSczvtmoiXg9BN9j\nexonIKTC9PyKbi1+AL8Bz8iIdroyr//XIFF+4hwcF8r8ViUo9Vxvp2PHj7zQNPtD\n19g4jEEv7cfkQz8VM5vWDlW4O3GEtj5xAoIBADBMbg8BrWzbMSKQe33poVe1/2jj\nN78iDc3Usj9sDnUP0DZeuLzvaeKx69jSFqTpGXtDT+nlppUOITs5ktM+xD7cFXqm\nGsMb/uftbfm285asUSYMnXLA8dcXO2c3UalTIjalyjQ2awRqvAJru7f5IbB5DKQh\ni5MoK23S7mlCa7Al453KHA7PRzIbK7hvkI+bWsfrt6UACecZIRxc+/0kbUNVo0S3\nKprM2dXl/WKAnJhNbFSVy3kvI+YRsgzbPPTIqGZz8OKK/rFhnTDBeo0dMYlle+l0\nUFdzG5qKw8mhlgCnpX7jbf/iUolhKXMlgQpGsSSkYAtuN/mIvIVPzmiA2Lw=\n-----END RSA PRIVATE KEY-----\n",
            "private_key_pem_pkcs8": "-----BEGIN PRIVATE KEY-----\nMIIJQgIBADANBgkqhkiG9w0BAQEFAASCCSwwggkoAgEAAoICAQCZIKVHNwPwK6mR\nY8OWXV32/BhhDn/vGHZkii7YFS5Hy3+WOjivyM8pKY3cW/sJSkAaQmgFc2mGBj9Q\nNnHUDAjWThNSMjiqHMw3iAAxtNtbmvDMjjawHUJEOpgWOguYwQjtnntnvErfux95\nO42xRJv0k4duFQr5NgYdCYpsPt+GXuj9izkWz73/EjXDfxmZd8OFTpPErZpgmgpy\nj7wlCcPQGZU74uesB27ov2dw5n6G1T+7z8y1dU/9h1ROltkyV2/vd2xkCwmO15Hn\nyhBegTn3X/nkz/8GQKCLuVIy/PiWxSH2UPiVI+P+KZK7VrSBOrM6PVYxmXf++LRj\nlig0qfsl4oNOAQxdPxr8PztuDfyNR8tb3xJK6jPDe5wlmSYSoWq9BRuAGJ5vPuAP\n2IpRMCcoVmJjqgnSYuKYKoo5zIG9KqOZfjG1Z7EBi/oMOY8r/Tv/yImHnK8JmrFj\nE/rWAMEFQR4wxijzVK7nmj0WFba3sC8gYtgE+ZBANGYRrBb1FPeYaqpmiJBUSyHJ\nvzdadxmcbuv0HtVIG3c9Hl4eXJwYNFB9xFZYNB1OdCb8Sol+53a9IJqGgoPsG61C\nlxu66Ic6mdmFzt5p1JhLCgt8WVyVnAufhWpN2tlesoxPHVqYdWb1sLrXRBag7YsX\nlPMEalgaUpbU+F1G8zt2q+iv4CPWjQIDAQABAoICAAesNZaPFfuY9yWpqzljvfDB\naqf5AIW7+Dlgcn7G95XcXK0Wh2meH8HkavnMLWomliCwDCNIcv9RXScem0SF7S7D\nzxRddNkSmVRSVGQpN5vsSb2OMK+mv6pzNH9Z8uPOuaz3tcpEX+IRr77fh4wxhQ5T\nvW5RepvIeQpHxJpY6igC+xyyjFlCw+E93y4dC8IqA0TbjkGay0ik30954/JdKLp1\ngF9K/ChytObPqcC5TpoLTGa+P6J7WYHkH+Anjy7bvRLxgnUJgotC7PTW0KF+SyfE\nijJ3Y5luGpKgZhMs+Xh13JZJh13TDw+uCJlU0Qrv+d66B7weKv+TzwIgb4JNXsql\nf+sTtdTlKqb4OFmVzaBsIU3zxTb8scfAWzvmFf/WJbqwbiJO1THKN8TW8QE9GlYa\nA1oCVqtYMYJhl9A48XfnHUNWDTgqjkj9/Jv38DiId4IF8AVv0oavbS/cedHn0r8+\nJDfkgIniuJwYmCJkQqckUN8KjTcTF4wuAULshgFJtIR09/lcfW6yISZ3Exi1clR4\nCsCaS6i0Wa80lRdlwAAv9Odz2RPhq5a7QiMckf+U61MG8RhkD0pXAB/pmI4zR3XA\nNL4DGJEZ8iFqFCslsmXfYnLt9zK3dtPKdOLXdSGLxrk2eh0m6gsGb4urMQnfkUtO\nvR0V0LxsXRtoesNwMq/nAoIBAQDFBWNJow3ZBcwJQo6yulhV5D6fMuiOvvnWtUSR\ndJPEl9n8xc0O6lHLTNPF1IlZN8OTQOlaDHAc9CX6sPE07e5pdYhXWljQc6jMhMPG\nn0e7AEiIq1OeKGOIljg+NwE2U5fUXzAdeSXVn8cSmyY1pr51DAEpnj7TGye4/081\nCEb0okOXIbc4GwMU8yBFdT6xhsh73NjSeEX+ZRUTspw5626NTADL/fTFXKfsf1B4\nfomM5JK6fUmLOxRzLWbaHDEoj67/4eW70TagOz93NXNak7dyYNk9m3HFf/jk4RAr\nDsoTt0bflqt6OGmNMlx4Z0keM+W0/UQNSOsLOkfv+niDzN4HAoIBAQDG93+1o3ID\nGUvlUCKij3VRZXAwzP37F7kyigL0p1QAG4Rke0T22cJQEuYbvUN1hWuRvDjW1GPN\n1gbHfLx4G0i51sjE/K+5Y44gsH7OyE3qbHqnllKrdwfVVcg0tAqBYdh4KC2E9iRs\nw/AqywJBZu4SjygNQCTK+kCMVfcdwyq5qk46GwmhjOKLwLio6vZSnzd/liGLToVo\nEypfYwWzkcHjOD8DWRJ3nbUHaW6e2uK6dAazEyst9Sz5Iu01pzcGEH1L11wboj1d\nMfi0WfX77DQGK9kTMI1sqIs2xJ+0QcZ9NdX88Odg5VQDs45zAr3wkSySB4AIccx0\n1TF4B23RMEHLAoIBAQC8/cgaUPDtp2Pr1g6wX5Rw//saF2mB1KwwS720kdFVmhyf\nHtbvYdKIY/AZKyF9lcJjtLajjJ7XB1SPP8CBd2NlgjsBIEdl3iyj0w9BrnTOax0p\nDL+vTSr9UKwu8fCVvmY8b/rlqtqiKxx5Op7ShFraSGOtGoFFXB0klrPSOVhnPmf7\nx3nLtg2kwPvJ5Qf4n0QdnOHYM0thFnG7bW/zF2X64Fc7Vya/U3w5nn8AttEXeANQ\nJPKxPkEFox2wR67YK8xA5N7M5Ymy9mKQ5ZL75grpCwIY2M2wGGwWkdZCl3M8qmiv\n/gYLvaVyrkaJsPowoLPOg8wNuk7NfGCZUPjd5V1tAoIBAGjNBN/P78XiFS/8PcIS\nfmEZZTbPQxh3Ln2IZHYpjP1hgSLMK0869DbpPXtu/ZFxbW+eDPJbfRZ2nauF8F/z\nPyNkFuxrjMPBxKNDVAfnSeMosJKFg5X9ZIriXEoma0IrH7Jqt09Jt3Xy3xYrSEza\nwpvT++y+1KJ1nnpM7ZUnr+GL6xiAFVqastmZ8apH2Oc8Jid2FMUj3vEq5y7HIcGs\nDMx6W/aPfEK1Nx1oU3QpJzO+2aiJeD0E32N7GicgpML0/IpuLX4AvwHPyIh2ujKv\n/9cgUX7iHBwXyvxWJSj1XG+nY8ePvNA0+0PX2DiMQS/tx+RDPxUzm9YOVbg7cYS2\nPnECggEAMExuDwGtbNsxIpB7femhV7X/aOM3vyINzdSyP2wOdQ/QNl64vO9p4rHr\n2NIWpOkZe0NP6eWmlQ4hOzmS0z7EPtwVeqYawxv+5+1t+bbzlqxRJgydcsDx1xc7\nZzdRqVMiNqXKNDZrBGq8Amu7t/khsHkMpCGLkygrbdLuaUJrsCXjncocDs9HMhsr\nuG+Qj5tax+u3pQAJ5xkhHFz7/SRtQ1WjRLcqmszZ1eX9YoCcmE1sVJXLeS8j5hGy\nDNs89MioZnPw4or+sWGdMMF6jR0xiWV76XRQV3MbmorDyaGWAKelfuNt/+JSiWEp\ncyWBCkaxJKRgC243+Yi8hU/OaIDYvA==\n-----END PRIVATE KEY-----\n",
            "public_key_fingerprint_md5": "88:5c:e5:f4:2e:ec:8c:6c:08:75:fa:a2:a0:bb:7c:19",
            "public_key_fingerprint_sha256": "SHA256:VDLJc7bYPsPfLnIIQJ2SIvKHqApDdAMTvLWZo63inlI",
            "public_key_openssh": "ssh-rsa AAAAB3NzaC1yc2EAAAADAQABAAACAQCZIKVHNwPwK6mRY8OWXV32/BhhDn/vGHZkii7YFS5Hy3+WOjivyM8pKY3cW/sJSkAaQmgFc2mGBj9QNnHUDAjWThNSMjiqHMw3iAAxtNtbmvDMjjawHUJEOpgWOguYwQjtnntnvErfux95O42xRJv0k4duFQr5NgYdCYpsPt+GXuj9izkWz73/EjXDfxmZd8OFTpPErZpgmgpyj7wlCcPQGZU74uesB27ov2dw5n6G1T+7z8y1dU/9h1ROltkyV2/vd2xkCwmO15HnyhBegTn3X/nkz/8GQKCLuVIy/PiWxSH2UPiVI+P+KZK7VrSBOrM6PVYxmXf++LRjlig0qfsl4oNOAQxdPxr8PztuDfyNR8tb3xJK6jPDe5wlmSYSoWq9BRuAGJ5vPuAP2IpRMCcoVmJjqgnSYuKYKoo5zIG9KqOZfjG1Z7EBi/oMOY8r/Tv/yImHnK8JmrFjE/rWAMEFQR4wxijzVK7nmj0WFba3sC8gYtgE+ZBANGYRrBb1FPeYaqpmiJBUSyHJvzdadxmcbuv0HtVIG3c9Hl4eXJwYNFB9xFZYNB1OdCb8Sol+53a9IJqGgoPsG61Clxu66Ic6mdmFzt5p1JhLCgt8WVyVnAufhWpN2tlesoxPHVqYdWb1sLrXRBag7YsXlPMEalgaUpbU+F1G8zt2q+iv4CPWjQ==\n",
            "public_key_pem": "-----BEGIN PUBLIC KEY-----\nMIICIjANBgkqhkiG9w0BAQEFAAOCAg8AMIICCgKCAgEAmSClRzcD8CupkWPDll1d\n9vwYYQ5/7xh2ZIou2BUuR8t/ljo4r8jPKSmN3Fv7CUpAGkJoBXNphgY/UDZx1AwI\n1k4TUjI4qhzMN4gAMbTbW5rwzI42sB1CRDqYFjoLmMEI7Z57Z7xK37sfeTuNsUSb\n9JOHbhUK+TYGHQmKbD7fhl7o/Ys5Fs+9/xI1w38ZmXfDhU6TxK2aYJoKco+8JQnD\n0BmVO+LnrAdu6L9ncOZ+htU/u8/MtXVP/YdUTpbZMldv73dsZAsJjteR58oQXoE5\n91/55M//BkCgi7lSMvz4lsUh9lD4lSPj/imSu1a0gTqzOj1WMZl3/vi0Y5YoNKn7\nJeKDTgEMXT8a/D87bg38jUfLW98SSuozw3ucJZkmEqFqvQUbgBiebz7gD9iKUTAn\nKFZiY6oJ0mLimCqKOcyBvSqjmX4xtWexAYv6DDmPK/07/8iJh5yvCZqxYxP61gDB\nBUEeMMYo81Su55o9FhW2t7AvIGLYBPmQQDRmEawW9RT3mGqqZoiQVEshyb83WncZ\nnG7r9B7VSBt3PR5eHlycGDRQfcRWWDQdTnQm/EqJfud2vSCahoKD7ButQpcbuuiH\nOpnZhc7eadSYSwoLfFlclZwLn4VqTdrZXrKMTx1amHVm9bC610QWoO2LF5TzBGpY\nGlKW1PhdRvM7dqvor+Aj1o0CAwEAAQ==\n-----END PUBLIC KEY-----\n",
            "rsa_bits": 4096
          },
          "sensitive_attributes": [
            [
              {
                "type": "get_attr",
                "value": "private_key_openssh"
              }
            ],
            [
              {
                "type": "get_attr",
                "value": "private_key_pem"
              }
            ],
            [
              {
                "type": "get_attr",
                "value": "private_key_pem_pkcs8"
              }
            ]
          ],
          "identity_schema_version": 0
        }
      ]
    }
  ],
  "check_results": null
}
