{
  "version": 4,
  "terraform_version": "1.12.2",
  "serial": 295,
  "lineage": "5382142e-2bc2-d1ca-9e56-4ede2953decd",
  "outputs": {},
  "resources": [
    {
      "mode": "data",
      "type": "azurerm_client_config",
      "name": "current",
      "provider": "provider[\"registry.terraform.io/hashicorp/azurerm\"]",
      "instances": [
        {
          "schema_version": 0,
          "attributes": {
            "client_id": "04b07795-8ddb-461a-bbee-02f9e1bf7b46",
            "id": "Y2xpZW50Q29uZmlncy9jbGllbnRJZD0wNGIwNzc5NS04ZGRiLTQ2MWEtYmJlZS0wMmY5ZTFiZjdiNDY7b2JqZWN0SWQ9NjQxZmMxYzEtZmIzMi00ZTk3LTk4NzctYTYxZWY4YTIzM2RjO3N1YnNjcmlwdGlvbklkPWRiZTg1N2Q4LWY3ZWEtNGM3OS1iYjU5LWI0ZTViYzA4MDQyNjt0ZW5hbnRJZD0wYjNmYzE3OC1iNzMwLTRlOGItOTg0My1lODEyNTkyMzdiNzc=",
            "object_id": "641fc1c1-fb32-4e97-9877-a61ef8a233dc",
            "subscription_id": "dbe857d8-f7ea-4c79-bb59-b4e5bc080426",
            "tenant_id": "0b3fc178-b730-4e8b-9843-e81259237b77",
            "timeouts": null
          },
          "sensitive_attributes": [],
          "identity_schema_version": 0
        }
      ]
    },
    {
      "mode": "data",
      "type": "azurerm_key_vault_secret",
      "name": "ssh_key",
      "provider": "provider[\"registry.terraform.io/hashicorp/azurerm\"]",
      "instances": [
        {
          "schema_version": 0,
          "attributes": {
            "content_type": "",
            "expiration_date": null,
            "id": "https://my-training-kv.vault.azure.net/secrets/ssh-public-key/7d12a23bff674a61b4dff1fe33f43c72",
            "key_vault_id": "/subscriptions/dbe857d8-f7ea-4c79-bb59-b4e5bc080426/resourceGroups/training-rg-northEU/providers/Microsoft.KeyVault/vaults/my-training-kv",
            "name": "ssh-public-key",
            "not_before_date": null,
            "resource_id": "/subscriptions/dbe857d8-f7ea-4c79-bb59-b4e5bc080426/resourceGroups/training-rg-northEU/providers/Microsoft.KeyVault/vaults/my-training-kv/secrets/ssh-public-key/versions/7d12a23bff674a61b4dff1fe33f43c72",
            "resource_versionless_id": "/subscriptions/dbe857d8-f7ea-4c79-bb59-b4e5bc080426/resourceGroups/training-rg-northEU/providers/Microsoft.KeyVault/vaults/my-training-kv/secrets/ssh-public-key",
            "tags": {},
            "timeouts": null,
            "value": "ssh-rsa AAAAB3NzaC1yc2EAAAADAQABAAABgQDOcsY4/AbAkrryIOeM14i42peQj2jrDttBYCRB1EIe6I89A2BuBb4xcc4A6CcDcqfn0Mbm8i+4Q2jbRlABA9XSKD//46ePgp8vmcSOta3rG6JvZ61cS4mFkXr9gtQxxqrW23uW6tEtHdydKJSQ9WodvALbOJJzIaijFfFnOa7YQu+lfZ1w/GKwQIKg2kKiVLMHypSWMc5fttw2psLiguDiaAHhzUWRUt0xlckyvrFHom7XPPjlRCtb7Pf5lkPelnjI8XS9WU1W7VXxyPupKXKaHAhpYkB5A0L+ap6PtHMk53SMXl67g720pGondwKeSD4FMpp/VLObgOGVPuJQZebcLIU3rVUXxEeXhSuQnW03VI4eXZynDFbDPEkmiWYQOXbHlgcYOB9n0sQMkOljIePAHwzoY56N2BdphwmZskENGlu1BMTi1Qr2470n5O+zkjArYsq94zdhmmVUb8l+Oz7UIdbluXX3Efww3yqkMsF1ndPIzw1nldv86L3gjkOOJ0U= ipaun@ENDAUTObTsP8SMF\n",
            "version": "7d12a23bff674a61b4dff1fe33f43c72",
            "versionless_id": "https://my-training-kv.vault.azure.net/secrets/ssh-public-key"
          },
          "sensitive_attributes": [
            [
              {
                "type": "get_attr",
                "value": "value"
              }
            ]
          ],
          "identity_schema_version": 0
        }
      ]
    },
    {
      "mode": "managed",
      "type": "azurerm_key_vault",
      "name": "training",
      "provider": "provider[\"registry.terraform.io/hashicorp/azurerm\"]",
      "instances": [
        {
          "schema_version": 2,
          "attributes": {
            "access_policy": [
              {
                "application_id": "",
                "certificate_permissions": [],
                "key_permissions": [],
                "object_id": "641fc1c1-fb32-4e97-9877-a61ef8a233dc",
                "secret_permissions": [
                  "Get",
                  "List",
                  "Set"
                ],
                "storage_permissions": [],
                "tenant_id": "0b3fc178-b730-4e8b-9843-e81259237b77"
              }
            ],
            "contact": [],
            "enable_rbac_authorization": false,
            "enabled_for_deployment": false,
            "enabled_for_disk_encryption": false,
            "enabled_for_template_deployment": false,
            "id": "/subscriptions/dbe857d8-f7ea-4c79-bb59-b4e5bc080426/resourceGroups/training-rg-northEU/providers/Microsoft.KeyVault/vaults/my-training-kv",
            "location": "northeurope",
            "name": "my-training-kv",
            "network_acls": [
              {
                "bypass": "AzureServices",
                "default_action": "Allow",
                "ip_rules": [],
                "virtual_network_subnet_ids": []
              }
            ],
            "public_network_access_enabled": true,
            "purge_protection_enabled": true,
            "resource_group_name": "training-rg-northEU",
            "sku_name": "standard",
            "soft_delete_retention_days": 7,
            "tags": {
              "EndDate": "18.08.2025",
              "ProjectCode": "INTBM999BHD",
              "ProjectName": "AMCloudTraining",
              "ServiceNowID": "RITM0577280"
            },
            "tenant_id": "0b3fc178-b730-4e8b-9843-e81259237b77",
            "timeouts": null,
            "vault_uri": "https://my-training-kv.vault.azure.net/"
          },
          "sensitive_attributes": [],
          "identity_schema_version": 0,
          "private": "eyJlMmJmYjczMC1lY2FhLTExZTYtOGY4OC0zNDM2M2JjN2M0YzAiOnsiY3JlYXRlIjoxODAwMDAwMDAwMDAwLCJkZWxldGUiOjE4MDAwMDAwMDAwMDAsInJlYWQiOjMwMDAwMDAwMDAwMCwidXBkYXRlIjoxODAwMDAwMDAwMDAwfSwic2NoZW1hX3ZlcnNpb24iOiIyIn0=",
          "dependencies": [
            "azurerm_resource_group.training",
            "data.azurerm_client_config.current"
          ]
        }
      ]
    },
    {
      "mode": "managed",
      "type": "azurerm_key_vault_access_policy",
      "name": "training",
      "provider": "provider[\"registry.terraform.io/hashicorp/azurerm\"]",
      "instances": [
        {
          "schema_version": 0,
          "attributes": {
            "application_id": "",
            "certificate_permissions": [],
            "id": "/subscriptions/dbe857d8-f7ea-4c79-bb59-b4e5bc080426/resourceGroups/training-rg-northEU/providers/Microsoft.KeyVault/vaults/my-training-kv/objectId/641fc1c1-fb32-4e97-9877-a61ef8a233dc",
            "key_permissions": [],
            "key_vault_id": "/subscriptions/dbe857d8-f7ea-4c79-bb59-b4e5bc080426/resourceGroups/training-rg-northEU/providers/Microsoft.KeyVault/vaults/my-training-kv",
            "object_id": "641fc1c1-fb32-4e97-9877-a61ef8a233dc",
            "secret_permissions": [
              "Get",
              "List",
              "Set"
            ],
            "storage_permissions": [],
            "tenant_id": "0b3fc178-b730-4e8b-9843-e81259237b77",
            "timeouts": null
          },
          "sensitive_attributes": [],
          "identity_schema_version": 0,
          "private": "eyJlMmJmYjczMC1lY2FhLTExZTYtOGY4OC0zNDM2M2JjN2M0YzAiOnsiY3JlYXRlIjoxODAwMDAwMDAwMDAwLCJkZWxldGUiOjE4MDAwMDAwMDAwMDAsInJlYWQiOjMwMDAwMDAwMDAwMCwidXBkYXRlIjoxODAwMDAwMDAwMDAwfX0=",
          "dependencies": [
            "azurerm_key_vault.training",
            "azurerm_resource_group.training",
            "data.azurerm_client_config.current"
          ]
        }
      ]
    },
    {
      "mode": "managed",
      "type": "azurerm_key_vault_secret",
      "name": "ssh_public_key",
      "provider": "provider[\"registry.terraform.io/hashicorp/azurerm\"]",
      "instances": [
        {
          "schema_version": 0,
          "attributes": {
            "content_type": "",
            "expiration_date": null,
            "id": "https://my-training-kv.vault.azure.net/secrets/ssh-public-key/7d12a23bff674a61b4dff1fe33f43c72",
            "key_vault_id": "/subscriptions/dbe857d8-f7ea-4c79-bb59-b4e5bc080426/resourceGroups/training-rg-northEU/providers/Microsoft.KeyVault/vaults/my-training-kv",
            "name": "ssh-public-key",
            "not_before_date": null,
            "resource_id": "/subscriptions/dbe857d8-f7ea-4c79-bb59-b4e5bc080426/resourceGroups/training-rg-northEU/providers/Microsoft.KeyVault/vaults/my-training-kv/secrets/ssh-public-key/versions/7d12a23bff674a61b4dff1fe33f43c72",
            "resource_versionless_id": "/subscriptions/dbe857d8-f7ea-4c79-bb59-b4e5bc080426/resourceGroups/training-rg-northEU/providers/Microsoft.KeyVault/vaults/my-training-kv/secrets/ssh-public-key",
            "tags": {},
            "timeouts": null,
            "value": "ssh-rsa AAAAB3NzaC1yc2EAAAADAQABAAABgQDOcsY4/AbAkrryIOeM14i42peQj2jrDttBYCRB1EIe6I89A2BuBb4xcc4A6CcDcqfn0Mbm8i+4Q2jbRlABA9XSKD//46ePgp8vmcSOta3rG6JvZ61cS4mFkXr9gtQxxqrW23uW6tEtHdydKJSQ9WodvALbOJJzIaijFfFnOa7YQu+lfZ1w/GKwQIKg2kKiVLMHypSWMc5fttw2psLiguDiaAHhzUWRUt0xlckyvrFHom7XPPjlRCtb7Pf5lkPelnjI8XS9WU1W7VXxyPupKXKaHAhpYkB5A0L+ap6PtHMk53SMXl67g720pGondwKeSD4FMpp/VLObgOGVPuJQZebcLIU3rVUXxEeXhSuQnW03VI4eXZynDFbDPEkmiWYQOXbHlgcYOB9n0sQMkOljIePAHwzoY56N2BdphwmZskENGlu1BMTi1Qr2470n5O+zkjArYsq94zdhmmVUb8l+Oz7UIdbluXX3Efww3yqkMsF1ndPIzw1nldv86L3gjkOOJ0U= ipaun@ENDAUTObTsP8SMF\n",
            "value_wo": null,
            "value_wo_version": 0,
            "version": "7d12a23bff674a61b4dff1fe33f43c72",
            "versionless_id": "https://my-training-kv.vault.azure.net/secrets/ssh-public-key"
          },
          "sensitive_attributes": [
            [
              {
                "type": "get_attr",
                "value": "value"
              }
            ]
          ],
          "identity_schema_version": 0,
          "private": "eyJlMmJmYjczMC1lY2FhLTExZTYtOGY4OC0zNDM2M2JjN2M0YzAiOnsiY3JlYXRlIjoxODAwMDAwMDAwMDAwLCJkZWxldGUiOjE4MDAwMDAwMDAwMDAsInJlYWQiOjE4MDAwMDAwMDAwMDAsInVwZGF0ZSI6MTgwMDAwMDAwMDAwMH19",
          "dependencies": [
            "azurerm_key_vault.training",
            "azurerm_resource_group.training",
            "data.azurerm_client_config.current"
          ]
        }
      ]
    },
    {
      "mode": "managed",
      "type": "azurerm_lb",
      "name": "main",
      "provider": "provider[\"registry.terraform.io/hashicorp/azurerm\"]",
      "instances": [
        {
          "schema_version": 0,
          "attributes": {
            "edge_zone": "",
            "frontend_ip_configuration": [
              {
                "gateway_load_balancer_frontend_ip_configuration_id": "",
                "id": "/subscriptions/dbe857d8-f7ea-4c79-bb59-b4e5bc080426/resourceGroups/training-rg-northEU/providers/Microsoft.Network/loadBalancers/my-loadbalancer/frontendIPConfigurations/my-lb-public",
                "inbound_nat_rules": [],
                "load_balancer_rules": [
                  "/subscriptions/dbe857d8-f7ea-4c79-bb59-b4e5bc080426/resourceGroups/training-rg-northEU/providers/Microsoft.Network/loadBalancers/my-loadbalancer/loadBalancingRules/http-rule",
                  "/subscriptions/dbe857d8-f7ea-4c79-bb59-b4e5bc080426/resourceGroups/training-rg-northEU/providers/Microsoft.Network/loadBalancers/my-loadbalancer/loadBalancingRules/ssh-rule"
                ],
                "name": "my-lb-public",
                "outbound_rules": [],
                "private_ip_address": "",
                "private_ip_address_allocation": "Dynamic",
                "private_ip_address_version": "",
                "public_ip_address_id": "/subscriptions/dbe857d8-f7ea-4c79-bb59-b4e5bc080426/resourceGroups/training-rg-northEU/providers/Microsoft.Network/publicIPAddresses/my-lb-public",
                "public_ip_prefix_id": "",
                "subnet_id": "",
                "zones": []
              }
            ],
            "id": "/subscriptions/dbe857d8-f7ea-4c79-bb59-b4e5bc080426/resourceGroups/training-rg-northEU/providers/Microsoft.Network/loadBalancers/my-loadbalancer",
            "location": "northeurope",
            "name": "my-loadbalancer",
            "private_ip_address": "",
            "private_ip_addresses": [],
            "resource_group_name": "training-rg-northEU",
            "sku": "Standard",
            "sku_tier": "Regional",
            "tags": {
              "EndDate": "18.08.2025",
              "ProjectCode": "INTBM999BHD",
              "ProjectName": "AMCloudTraining",
              "ServiceNowID": "RITM0577280"
            },
            "timeouts": null
          },
          "sensitive_attributes": [],
          "identity_schema_version": 0,
          "private": "eyJlMmJmYjczMC1lY2FhLTExZTYtOGY4OC0zNDM2M2JjN2M0YzAiOnsiY3JlYXRlIjoxODAwMDAwMDAwMDAwLCJkZWxldGUiOjE4MDAwMDAwMDAwMDAsInJlYWQiOjMwMDAwMDAwMDAwMCwidXBkYXRlIjoxODAwMDAwMDAwMDAwfX0=",
          "dependencies": [
            "azurerm_public_ip.my-lb-public",
            "azurerm_resource_group.training"
          ]
        }
      ]
    },
    {
      "mode": "managed",
      "type": "azurerm_lb_backend_address_pool",
      "name": "backend",
      "provider": "provider[\"registry.terraform.io/hashicorp/azurerm\"]",
      "instances": [
        {
          "schema_version": 0,
          "attributes": {
            "backend_ip_configurations": [
              "/subscriptions/dbe857d8-f7ea-4c79-bb59-b4e5bc080426/resourceGroups/training-rg-northEU/providers/Microsoft.Network/networkInterfaces/app-nic2/ipConfigurations/testconfiguration2",
              "/subscriptions/dbe857d8-f7ea-4c79-bb59-b4e5bc080426/resourceGroups/training-rg-northEU/providers/Microsoft.Network/networkInterfaces/app-nic1/ipConfigurations/testconfiguration1"
            ],
            "id": "/subscriptions/dbe857d8-f7ea-4c79-bb59-b4e5bc080426/resourceGroups/training-rg-northEU/providers/Microsoft.Network/loadBalancers/my-loadbalancer/backendAddressPools/vm-backend-pool",
            "inbound_nat_rules": [],
            "load_balancing_rules": [],
            "loadbalancer_id": "/subscriptions/dbe857d8-f7ea-4c79-bb59-b4e5bc080426/resourceGroups/training-rg-northEU/providers/Microsoft.Network/loadBalancers/my-loadbalancer",
            "name": "vm-backend-pool",
            "outbound_rules": [],
            "synchronous_mode": "",
            "timeouts": null,
            "tunnel_interface": [],
            "virtual_network_id": ""
          },
          "sensitive_attributes": [],
          "identity_schema_version": 0,
          "private": "eyJlMmJmYjczMC1lY2FhLTExZTYtOGY4OC0zNDM2M2JjN2M0YzAiOnsiY3JlYXRlIjoxODAwMDAwMDAwMDAwLCJkZWxldGUiOjE4MDAwMDAwMDAwMDAsInJlYWQiOjMwMDAwMDAwMDAwMCwidXBkYXRlIjoxODAwMDAwMDAwMDAwfX0=",
          "dependencies": [
            "azurerm_lb.main",
            "azurerm_public_ip.my-lb-public",
            "azurerm_resource_group.training"
          ]
        }
      ]
    },
    {
      "mode": "managed",
      "type": "azurerm_lb_probe",
      "name": "http",
      "provider": "provider[\"registry.terraform.io/hashicorp/azurerm\"]",
      "instances": [
        {
          "schema_version": 0,
          "attributes": {
            "id": "/subscriptions/dbe857d8-f7ea-4c79-bb59-b4e5bc080426/resourceGroups/training-rg-northEU/providers/Microsoft.Network/loadBalancers/my-loadbalancer/probes/http-probe",
            "interval_in_seconds": 5,
            "load_balancer_rules": [
              "/subscriptions/dbe857d8-f7ea-4c79-bb59-b4e5bc080426/resourceGroups/training-rg-northEU/providers/Microsoft.Network/loadBalancers/my-loadbalancer/loadBalancingRules/http-rule"
            ],
            "loadbalancer_id": "/subscriptions/dbe857d8-f7ea-4c79-bb59-b4e5bc080426/resourceGroups/training-rg-northEU/providers/Microsoft.Network/loadBalancers/my-loadbalancer",
            "name": "http-probe",
            "number_of_probes": 2,
            "port": 80,
            "probe_threshold": 1,
            "protocol": "Tcp",
            "request_path": "",
            "timeouts": null
          },
          "sensitive_attributes": [],
          "identity_schema_version": 0,
          "private": "eyJlMmJmYjczMC1lY2FhLTExZTYtOGY4OC0zNDM2M2JjN2M0YzAiOnsiY3JlYXRlIjoxODAwMDAwMDAwMDAwLCJkZWxldGUiOjE4MDAwMDAwMDAwMDAsInJlYWQiOjMwMDAwMDAwMDAwMCwidXBkYXRlIjoxODAwMDAwMDAwMDAwfX0=",
          "dependencies": [
            "azurerm_lb.main",
            "azurerm_public_ip.my-lb-public",
            "azurerm_resource_group.training"
          ]
        }
      ]
    },
    {
      "mode": "managed",
      "type": "azurerm_lb_probe",
      "name": "ssh",
      "provider": "provider[\"registry.terraform.io/hashicorp/azurerm\"]",
      "instances": [
        {
          "schema_version": 0,
          "attributes": {
            "id": "/subscriptions/dbe857d8-f7ea-4c79-bb59-b4e5bc080426/resourceGroups/training-rg-northEU/providers/Microsoft.Network/loadBalancers/my-loadbalancer/probes/ssh-probe",
            "interval_in_seconds": 5,
            "load_balancer_rules": [
              "/subscriptions/dbe857d8-f7ea-4c79-bb59-b4e5bc080426/resourceGroups/training-rg-northEU/providers/Microsoft.Network/loadBalancers/my-loadbalancer/loadBalancingRules/ssh-rule"
            ],
            "loadbalancer_id": "/subscriptions/dbe857d8-f7ea-4c79-bb59-b4e5bc080426/resourceGroups/training-rg-northEU/providers/Microsoft.Network/loadBalancers/my-loadbalancer",
            "name": "ssh-probe",
            "number_of_probes": 2,
            "port": 22,
            "probe_threshold": 1,
            "protocol": "Tcp",
            "request_path": "",
            "timeouts": null
          },
          "sensitive_attributes": [],
          "identity_schema_version": 0,
          "private": "eyJlMmJmYjczMC1lY2FhLTExZTYtOGY4OC0zNDM2M2JjN2M0YzAiOnsiY3JlYXRlIjoxODAwMDAwMDAwMDAwLCJkZWxldGUiOjE4MDAwMDAwMDAwMDAsInJlYWQiOjMwMDAwMDAwMDAwMCwidXBkYXRlIjoxODAwMDAwMDAwMDAwfX0=",
          "dependencies": [
            "azurerm_lb.main",
            "azurerm_public_ip.my-lb-public",
            "azurerm_resource_group.training"
          ]
        }
      ]
    },
    {
      "mode": "managed",
      "type": "azurerm_lb_rule",
      "name": "http",
      "provider": "provider[\"registry.terraform.io/hashicorp/azurerm\"]",
      "instances": [
        {
          "schema_version": 0,
          "attributes": {
            "backend_address_pool_ids": [],
            "backend_port": 80,
            "disable_outbound_snat": false,
            "enable_floating_ip": false,
            "enable_tcp_reset": false,
            "frontend_ip_configuration_id": "/subscriptions/dbe857d8-f7ea-4c79-bb59-b4e5bc080426/resourceGroups/training-rg-northEU/providers/Microsoft.Network/loadBalancers/my-loadbalancer/frontendIPConfigurations/my-lb-public",
            "frontend_ip_configuration_name": "my-lb-public",
            "frontend_port": 80,
            "id": "/subscriptions/dbe857d8-f7ea-4c79-bb59-b4e5bc080426/resourceGroups/training-rg-northEU/providers/Microsoft.Network/loadBalancers/my-loadbalancer/loadBalancingRules/http-rule",
            "idle_timeout_in_minutes": 4,
            "load_distribution": "Default",
            "loadbalancer_id": "/subscriptions/dbe857d8-f7ea-4c79-bb59-b4e5bc080426/resourceGroups/training-rg-northEU/providers/Microsoft.Network/loadBalancers/my-loadbalancer",
            "name": "http-rule",
            "probe_id": "/subscriptions/dbe857d8-f7ea-4c79-bb59-b4e5bc080426/resourceGroups/training-rg-northEU/providers/Microsoft.Network/loadBalancers/my-loadbalancer/probes/http-probe",
            "protocol": "Tcp",
            "timeouts": null
          },
          "sensitive_attributes": [],
          "identity_schema_version": 0,
          "private": "eyJlMmJmYjczMC1lY2FhLTExZTYtOGY4OC0zNDM2M2JjN2M0YzAiOnsiY3JlYXRlIjoxODAwMDAwMDAwMDAwLCJkZWxldGUiOjE4MDAwMDAwMDAwMDAsInJlYWQiOjMwMDAwMDAwMDAwMCwidXBkYXRlIjoxODAwMDAwMDAwMDAwfX0=",
          "dependencies": [
            "azurerm_lb.main",
            "azurerm_lb_probe.http",
            "azurerm_public_ip.my-lb-public",
            "azurerm_resource_group.training"
          ]
        }
      ]
    },
    {
      "mode": "managed",
      "type": "azurerm_lb_rule",
      "name": "ssh",
      "provider": "provider[\"registry.terraform.io/hashicorp/azurerm\"]",
      "instances": [
        {
          "schema_version": 0,
          "attributes": {
            "backend_address_pool_ids": [],
            "backend_port": 22,
            "disable_outbound_snat": false,
            "enable_floating_ip": false,
            "enable_tcp_reset": false,
            "frontend_ip_configuration_id": "/subscriptions/dbe857d8-f7ea-4c79-bb59-b4e5bc080426/resourceGroups/training-rg-northEU/providers/Microsoft.Network/loadBalancers/my-loadbalancer/frontendIPConfigurations/my-lb-public",
            "frontend_ip_configuration_name": "my-lb-public",
            "frontend_port": 22,
            "id": "/subscriptions/dbe857d8-f7ea-4c79-bb59-b4e5bc080426/resourceGroups/training-rg-northEU/providers/Microsoft.Network/loadBalancers/my-loadbalancer/loadBalancingRules/ssh-rule",
            "idle_timeout_in_minutes": 4,
            "load_distribution": "Default",
            "loadbalancer_id": "/subscriptions/dbe857d8-f7ea-4c79-bb59-b4e5bc080426/resourceGroups/training-rg-northEU/providers/Microsoft.Network/loadBalancers/my-loadbalancer",
            "name": "ssh-rule",
            "probe_id": "/subscriptions/dbe857d8-f7ea-4c79-bb59-b4e5bc080426/resourceGroups/training-rg-northEU/providers/Microsoft.Network/loadBalancers/my-loadbalancer/probes/ssh-probe",
            "protocol": "Tcp",
            "timeouts": null
          },
          "sensitive_attributes": [],
          "identity_schema_version": 0,
          "private": "eyJlMmJmYjczMC1lY2FhLTExZTYtOGY4OC0zNDM2M2JjN2M0YzAiOnsiY3JlYXRlIjoxODAwMDAwMDAwMDAwLCJkZWxldGUiOjE4MDAwMDAwMDAwMDAsInJlYWQiOjMwMDAwMDAwMDAwMCwidXBkYXRlIjoxODAwMDAwMDAwMDAwfX0=",
          "dependencies": [
            "azurerm_lb.main",
            "azurerm_lb_probe.ssh",
            "azurerm_public_ip.my-lb-public",
            "azurerm_resource_group.training"
          ]
        }
      ]
    },
    {
      "mode": "managed",
      "type": "azurerm_linux_virtual_machine",
      "name": "vm1",
      "provider": "provider[\"registry.terraform.io/hashicorp/azurerm\"]",
      "instances": [
        {
          "schema_version": 0,
          "attributes": {
            "additional_capabilities": [],
            "admin_password": null,
            "admin_ssh_key": [
              {
                "public_key": "ssh-rsa AAAAB3NzaC1yc2EAAAADAQABAAABgQDOcsY4/AbAkrryIOeM14i42peQj2jrDttBYCRB1EIe6I89A2BuBb4xcc4A6CcDcqfn0Mbm8i+4Q2jbRlABA9XSKD//46ePgp8vmcSOta3rG6JvZ61cS4mFkXr9gtQxxqrW23uW6tEtHdydKJSQ9WodvALbOJJzIaijFfFnOa7YQu+lfZ1w/GKwQIKg2kKiVLMHypSWMc5fttw2psLiguDiaAHhzUWRUt0xlckyvrFHom7XPPjlRCtb7Pf5lkPelnjI8XS9WU1W7VXxyPupKXKaHAhpYkB5A0L+ap6PtHMk53SMXl67g720pGondwKeSD4FMpp/VLObgOGVPuJQZebcLIU3rVUXxEeXhSuQnW03VI4eXZynDFbDPEkmiWYQOXbHlgcYOB9n0sQMkOljIePAHwzoY56N2BdphwmZskENGlu1BMTi1Qr2470n5O+zkjArYsq94zdhmmVUb8l+Oz7UIdbluXX3Efww3yqkMsF1ndPIzw1nldv86L3gjkOOJ0U= ipaun@ENDAUTObTsP8SMF\n",
                "username": "ipaun"
              }
            ],
            "admin_username": "ipaun",
            "allow_extension_operations": true,
            "availability_set_id": "",
            "boot_diagnostics": [],
            "bypass_platform_safety_checks_on_user_schedule_enabled": false,
            "capacity_reservation_group_id": "",
            "computer_name": "app-vm1",
            "custom_data": null,
            "dedicated_host_group_id": "",
            "dedicated_host_id": "",
            "disable_password_authentication": true,
            "disk_controller_type": "",
            "edge_zone": "",
            "encryption_at_host_enabled": false,
            "eviction_policy": "",
            "extensions_time_budget": "PT1H30M",
            "gallery_application": [],
            "id": "/subscriptions/dbe857d8-f7ea-4c79-bb59-b4e5bc080426/resourceGroups/training-rg-northEU/providers/Microsoft.Compute/virtualMachines/app-vm1",
            "identity": [],
            "license_type": "",
            "location": "northeurope",
            "max_bid_price": -1,
            "name": "app-vm1",
            "network_interface_ids": [
              "/subscriptions/dbe857d8-f7ea-4c79-bb59-b4e5bc080426/resourceGroups/training-rg-northEU/providers/Microsoft.Network/networkInterfaces/app-nic1"
            ],
            "os_disk": [
              {
                "caching": "ReadWrite",
                "diff_disk_settings": [],
                "disk_encryption_set_id": "",
                "disk_size_gb": 30,
                "id": "/subscriptions/dbe857d8-f7ea-4c79-bb59-b4e5bc080426/resourceGroups/training-rg-northEU/providers/Microsoft.Compute/disks/myosdisk1",
                "name": "myosdisk1",
                "secure_vm_disk_encryption_set_id": "",
                "security_encryption_type": "",
                "storage_account_type": "StandardSSD_LRS",
                "write_accelerator_enabled": false
              }
            ],
            "os_image_notification": [],
            "patch_assessment_mode": "ImageDefault",
            "patch_mode": "ImageDefault",
            "plan": [],
            "platform_fault_domain": -1,
            "priority": "Regular",
            "private_ip_address": "10.0.1.4",
            "private_ip_addresses": [
              "10.0.1.4"
            ],
            "provision_vm_agent": true,
            "proximity_placement_group_id": "",
            "public_ip_address": "20.238.77.143",
            "public_ip_addresses": [
              "20.238.77.143"
            ],
            "reboot_setting": "",
            "resource_group_name": "training-rg-northEU",
            "secret": [],
            "secure_boot_enabled": false,
            "size": "Standard_B1s",
            "source_image_id": "",
            "source_image_reference": [
              {
                "offer": "0001-com-ubuntu-server-jammy",
                "publisher": "Canonical",
                "sku": "22_04-lts",
                "version": "latest"
              }
            ],
            "tags": {
              "EndDate": "18.08.2025",
              "ProjectCode": "INTBM999BHD",
              "ProjectName": "AMCloudTraining",
              "ServiceNowID": "RITM0577280"
            },
            "termination_notification": null,
            "timeouts": null,
            "user_data": "",
            "virtual_machine_id": "332071e8-3b10-4d45-ac68-a1d6a86ee9b5",
            "virtual_machine_scale_set_id": "",
            "vm_agent_platform_updates_enabled": false,
            "vtpm_enabled": false,
            "zone": ""
          },
          "sensitive_attributes": [
            [
              {
                "type": "get_attr",
                "value": "admin_password"
              }
            ],
            [
              {
                "type": "get_attr",
                "value": "admin_ssh_key"
              }
            ],
            [
              {
                "type": "get_attr",
                "value": "custom_data"
              }
            ]
          ],
          "identity_schema_version": 0,
          "private": "eyJlMmJmYjczMC1lY2FhLTExZTYtOGY4OC0zNDM2M2JjN2M0YzAiOnsiY3JlYXRlIjoyNzAwMDAwMDAwMDAwLCJkZWxldGUiOjI3MDAwMDAwMDAwMDAsInJlYWQiOjMwMDAwMDAwMDAwMCwidXBkYXRlIjoyNzAwMDAwMDAwMDAwfX0=",
          "dependencies": [
            "azurerm_key_vault.training",
            "azurerm_network_interface.training-vm1",
            "azurerm_public_ip.my-vm-public1",
            "azurerm_resource_group.training",
            "azurerm_subnet.sub1",
            "azurerm_virtual_network.training",
            "data.azurerm_client_config.current",
            "data.azurerm_key_vault_secret.ssh_key"
          ]
        }
      ]
    },
    {
      "mode": "managed",
      "type": "azurerm_linux_virtual_machine",
      "name": "vm2",
      "provider": "provider[\"registry.terraform.io/hashicorp/azurerm\"]",
      "instances": [
        {
          "schema_version": 0,
          "attributes": {
            "additional_capabilities": [],
            "admin_password": null,
            "admin_ssh_key": [
              {
                "public_key": "ssh-rsa AAAAB3NzaC1yc2EAAAADAQABAAABgQDOcsY4/AbAkrryIOeM14i42peQj2jrDttBYCRB1EIe6I89A2BuBb4xcc4A6CcDcqfn0Mbm8i+4Q2jbRlABA9XSKD//46ePgp8vmcSOta3rG6JvZ61cS4mFkXr9gtQxxqrW23uW6tEtHdydKJSQ9WodvALbOJJzIaijFfFnOa7YQu+lfZ1w/GKwQIKg2kKiVLMHypSWMc5fttw2psLiguDiaAHhzUWRUt0xlckyvrFHom7XPPjlRCtb7Pf5lkPelnjI8XS9WU1W7VXxyPupKXKaHAhpYkB5A0L+ap6PtHMk53SMXl67g720pGondwKeSD4FMpp/VLObgOGVPuJQZebcLIU3rVUXxEeXhSuQnW03VI4eXZynDFbDPEkmiWYQOXbHlgcYOB9n0sQMkOljIePAHwzoY56N2BdphwmZskENGlu1BMTi1Qr2470n5O+zkjArYsq94zdhmmVUb8l+Oz7UIdbluXX3Efww3yqkMsF1ndPIzw1nldv86L3gjkOOJ0U= ipaun@ENDAUTObTsP8SMF\n",
                "username": "ipaun"
              }
            ],
            "admin_username": "ipaun",
            "allow_extension_operations": true,
            "availability_set_id": "",
            "boot_diagnostics": [],
            "bypass_platform_safety_checks_on_user_schedule_enabled": false,
            "capacity_reservation_group_id": "",
            "computer_name": "app-vm2",
            "custom_data": null,
            "dedicated_host_group_id": "",
            "dedicated_host_id": "",
            "disable_password_authentication": true,
            "disk_controller_type": "",
            "edge_zone": "",
            "encryption_at_host_enabled": false,
            "eviction_policy": "",
            "extensions_time_budget": "PT1H30M",
            "gallery_application": [],
            "id": "/subscriptions/dbe857d8-f7ea-4c79-bb59-b4e5bc080426/resourceGroups/training-rg-northEU/providers/Microsoft.Compute/virtualMachines/app-vm2",
            "identity": [],
            "license_type": "",
            "location": "northeurope",
            "max_bid_price": -1,
            "name": "app-vm2",
            "network_interface_ids": [
              "/subscriptions/dbe857d8-f7ea-4c79-bb59-b4e5bc080426/resourceGroups/training-rg-northEU/providers/Microsoft.Network/networkInterfaces/app-nic2"
            ],
            "os_disk": [
              {
                "caching": "ReadWrite",
                "diff_disk_settings": [],
                "disk_encryption_set_id": "",
                "disk_size_gb": 30,
                "id": "/subscriptions/dbe857d8-f7ea-4c79-bb59-b4e5bc080426/resourceGroups/training-rg-northEU/providers/Microsoft.Compute/disks/myosdisk2",
                "name": "myosdisk2",
                "secure_vm_disk_encryption_set_id": "",
                "security_encryption_type": "",
                "storage_account_type": "StandardSSD_LRS",
                "write_accelerator_enabled": false
              }
            ],
            "os_image_notification": [],
            "patch_assessment_mode": "ImageDefault",
            "patch_mode": "ImageDefault",
            "plan": [],
            "platform_fault_domain": -1,
            "priority": "Regular",
            "private_ip_address": "10.0.0.4",
            "private_ip_addresses": [
              "10.0.0.4"
            ],
            "provision_vm_agent": true,
            "proximity_placement_group_id": "",
            "public_ip_address": "134.149.20.233",
            "public_ip_addresses": [
              "134.149.20.233"
            ],
            "reboot_setting": "",
            "resource_group_name": "training-rg-northEU",
            "secret": [],
            "secure_boot_enabled": false,
            "size": "Standard_B1s",
            "source_image_id": "",
            "source_image_reference": [
              {
                "offer": "0001-com-ubuntu-server-jammy",
                "publisher": "Canonical",
                "sku": "22_04-lts",
                "version": "latest"
              }
            ],
            "tags": {
              "EndDate": "18.08.2025",
              "ProjectCode": "INTBM999BHD",
              "ProjectName": "AMCloudTraining",
              "ServiceNowID": "RITM0577280"
            },
            "termination_notification": null,
            "timeouts": null,
            "user_data": "",
            "virtual_machine_id": "c0f108b9-2547-4fdf-8042-b5a79a5a3970",
            "virtual_machine_scale_set_id": "",
            "vm_agent_platform_updates_enabled": false,
            "vtpm_enabled": false,
            "zone": ""
          },
          "sensitive_attributes": [
            [
              {
                "type": "get_attr",
                "value": "admin_password"
              }
            ],
            [
              {
                "type": "get_attr",
                "value": "admin_ssh_key"
              }
            ],
            [
              {
                "type": "get_attr",
                "value": "custom_data"
              }
            ]
          ],
          "identity_schema_version": 0,
          "private": "eyJlMmJmYjczMC1lY2FhLTExZTYtOGY4OC0zNDM2M2JjN2M0YzAiOnsiY3JlYXRlIjoyNzAwMDAwMDAwMDAwLCJkZWxldGUiOjI3MDAwMDAwMDAwMDAsInJlYWQiOjMwMDAwMDAwMDAwMCwidXBkYXRlIjoyNzAwMDAwMDAwMDAwfX0=",
          "dependencies": [
            "azurerm_key_vault.training",
            "azurerm_network_interface.training-vm2",
            "azurerm_public_ip.my-vm-public2",
            "azurerm_resource_group.training",
            "azurerm_subnet.sub2",
            "azurerm_virtual_network.training",
            "data.azurerm_client_config.current",
            "data.azurerm_key_vault_secret.ssh_key"
          ]
        }
      ]
    },
    {
      "mode": "managed",
      "type": "azurerm_network_interface",
      "name": "training-vm1",
      "provider": "provider[\"registry.terraform.io/hashicorp/azurerm\"]",
      "instances": [
        {
          "schema_version": 0,
          "attributes": {
            "accelerated_networking_enabled": false,
            "applied_dns_servers": [],
            "auxiliary_mode": "",
            "auxiliary_sku": "",
            "dns_servers": [],
            "edge_zone": "",
            "id": "/subscriptions/dbe857d8-f7ea-4c79-bb59-b4e5bc080426/resourceGroups/training-rg-northEU/providers/Microsoft.Network/networkInterfaces/app-nic1",
            "internal_dns_name_label": "",
            "internal_domain_name_suffix": "kmsk2n0ovtpedovvt54ufbahnf.fx.internal.cloudapp.net",
            "ip_configuration": [
              {
                "gateway_load_balancer_frontend_ip_configuration_id": "",
                "name": "testconfiguration1",
                "primary": true,
                "private_ip_address": "10.0.1.4",
                "private_ip_address_allocation": "Dynamic",
                "private_ip_address_version": "IPv4",
                "public_ip_address_id": "/subscriptions/dbe857d8-f7ea-4c79-bb59-b4e5bc080426/resourceGroups/training-rg-northEU/providers/Microsoft.Network/publicIPAddresses/my-vm-public1",
                "subnet_id": "/subscriptions/dbe857d8-f7ea-4c79-bb59-b4e5bc080426/resourceGroups/training-rg-northEU/providers/Microsoft.Network/virtualNetworks/training-vnet/subnets/app-subnet1"
              }
            ],
            "ip_forwarding_enabled": false,
            "location": "northeurope",
            "mac_address": "7C-ED-8D-49-C4-76",
            "name": "app-nic1",
            "private_ip_address": "10.0.1.4",
            "private_ip_addresses": [
              "10.0.1.4"
            ],
            "resource_group_name": "training-rg-northEU",
            "tags": {},
            "timeouts": null,
            "virtual_machine_id": "/subscriptions/dbe857d8-f7ea-4c79-bb59-b4e5bc080426/resourceGroups/training-rg-northEU/providers/Microsoft.Compute/virtualMachines/app-vm1"
          },
          "sensitive_attributes": [],
          "identity_schema_version": 0,
          "identity": {
            "name": "app-nic1",
            "resource_group_name": "training-rg-northEU",
            "subscription_id": "dbe857d8-f7ea-4c79-bb59-b4e5bc080426"
          },
          "private": "eyJlMmJmYjczMC1lY2FhLTExZTYtOGY4OC0zNDM2M2JjN2M0YzAiOnsiY3JlYXRlIjoxODAwMDAwMDAwMDAwLCJkZWxldGUiOjE4MDAwMDAwMDAwMDAsInJlYWQiOjMwMDAwMDAwMDAwMCwidXBkYXRlIjoxODAwMDAwMDAwMDAwfX0=",
          "dependencies": [
            "azurerm_public_ip.my-vm-public1",
            "azurerm_resource_group.training",
            "azurerm_subnet.sub1",
            "azurerm_virtual_network.training"
          ]
        }
      ]
    },
    {
      "mode": "managed",
      "type": "azurerm_network_interface",
      "name": "training-vm2",
      "provider": "provider[\"registry.terraform.io/hashicorp/azurerm\"]",
      "instances": [
        {
          "schema_version": 0,
          "attributes": {
            "accelerated_networking_enabled": false,
            "applied_dns_servers": [],
            "auxiliary_mode": "",
            "auxiliary_sku": "",
            "dns_servers": [],
            "edge_zone": "",
            "id": "/subscriptions/dbe857d8-f7ea-4c79-bb59-b4e5bc080426/resourceGroups/training-rg-northEU/providers/Microsoft.Network/networkInterfaces/app-nic2",
            "internal_dns_name_label": "",
            "internal_domain_name_suffix": "kmsk2n0ovtpedovvt54ufbahnf.fx.internal.cloudapp.net",
            "ip_configuration": [
              {
                "gateway_load_balancer_frontend_ip_configuration_id": "",
                "name": "testconfiguration2",
                "primary": true,
                "private_ip_address": "10.0.0.4",
                "private_ip_address_allocation": "Dynamic",
                "private_ip_address_version": "IPv4",
                "public_ip_address_id": "/subscriptions/dbe857d8-f7ea-4c79-bb59-b4e5bc080426/resourceGroups/training-rg-northEU/providers/Microsoft.Network/publicIPAddresses/my-vm-public2",
                "subnet_id": "/subscriptions/dbe857d8-f7ea-4c79-bb59-b4e5bc080426/resourceGroups/training-rg-northEU/providers/Microsoft.Network/virtualNetworks/training-vnet/subnets/app-subnet2"
              }
            ],
            "ip_forwarding_enabled": false,
            "location": "northeurope",
            "mac_address": "7C-ED-8D-2C-69-E9",
            "name": "app-nic2",
            "private_ip_address": "10.0.0.4",
            "private_ip_addresses": [
              "10.0.0.4"
            ],
            "resource_group_name": "training-rg-northEU",
            "tags": {},
            "timeouts": null,
            "virtual_machine_id": "/subscriptions/dbe857d8-f7ea-4c79-bb59-b4e5bc080426/resourceGroups/training-rg-northEU/providers/Microsoft.Compute/virtualMachines/app-vm2"
          },
          "sensitive_attributes": [],
          "identity_schema_version": 0,
          "identity": {
            "name": "app-nic2",
            "resource_group_name": "training-rg-northEU",
            "subscription_id": "dbe857d8-f7ea-4c79-bb59-b4e5bc080426"
          },
          "private": "eyJlMmJmYjczMC1lY2FhLTExZTYtOGY4OC0zNDM2M2JjN2M0YzAiOnsiY3JlYXRlIjoxODAwMDAwMDAwMDAwLCJkZWxldGUiOjE4MDAwMDAwMDAwMDAsInJlYWQiOjMwMDAwMDAwMDAwMCwidXBkYXRlIjoxODAwMDAwMDAwMDAwfX0=",
          "dependencies": [
            "azurerm_public_ip.my-vm-public2",
            "azurerm_resource_group.training",
            "azurerm_subnet.sub2",
            "azurerm_virtual_network.training"
          ]
        }
      ]
    },
    {
      "mode": "managed",
      "type": "azurerm_network_interface_backend_address_pool_association",
      "name": "vm1_assoc",
      "provider": "provider[\"registry.terraform.io/hashicorp/azurerm\"]",
      "instances": [
        {
          "schema_version": 0,
          "attributes": {
            "backend_address_pool_id": "/subscriptions/dbe857d8-f7ea-4c79-bb59-b4e5bc080426/resourceGroups/training-rg-northEU/providers/Microsoft.Network/loadBalancers/my-loadbalancer/backendAddressPools/vm-backend-pool",
            "id": "/subscriptions/dbe857d8-f7ea-4c79-bb59-b4e5bc080426/resourceGroups/training-rg-northEU/providers/Microsoft.Network/networkInterfaces/app-nic1/ipConfigurations/testconfiguration1|/subscriptions/dbe857d8-f7ea-4c79-bb59-b4e5bc080426/resourceGroups/training-rg-northEU/providers/Microsoft.Network/loadBalancers/my-loadbalancer/backendAddressPools/vm-backend-pool",
            "ip_configuration_name": "testconfiguration1",
            "network_interface_id": "/subscriptions/dbe857d8-f7ea-4c79-bb59-b4e5bc080426/resourceGroups/training-rg-northEU/providers/Microsoft.Network/networkInterfaces/app-nic1",
            "timeouts": null
          },
          "sensitive_attributes": [],
          "identity_schema_version": 0,
          "private": "eyJlMmJmYjczMC1lY2FhLTExZTYtOGY4OC0zNDM2M2JjN2M0YzAiOnsiY3JlYXRlIjoxODAwMDAwMDAwMDAwLCJkZWxldGUiOjE4MDAwMDAwMDAwMDAsInJlYWQiOjMwMDAwMDAwMDAwMH19",
          "dependencies": [
            "azurerm_lb.main",
            "azurerm_lb_backend_address_pool.backend",
            "azurerm_network_interface.training-vm1",
            "azurerm_public_ip.my-lb-public",
            "azurerm_public_ip.my-vm-public1",
            "azurerm_resource_group.training",
            "azurerm_subnet.sub1",
            "azurerm_virtual_network.training"
          ]
        }
      ]
    },
    {
      "mode": "managed",
      "type": "azurerm_network_interface_backend_address_pool_association",
      "name": "vm2_assoc",
      "provider": "provider[\"registry.terraform.io/hashicorp/azurerm\"]",
      "instances": [
        {
          "schema_version": 0,
          "attributes": {
            "backend_address_pool_id": "/subscriptions/dbe857d8-f7ea-4c79-bb59-b4e5bc080426/resourceGroups/training-rg-northEU/providers/Microsoft.Network/loadBalancers/my-loadbalancer/backendAddressPools/vm-backend-pool",
            "id": "/subscriptions/dbe857d8-f7ea-4c79-bb59-b4e5bc080426/resourceGroups/training-rg-northEU/providers/Microsoft.Network/networkInterfaces/app-nic2/ipConfigurations/testconfiguration2|/subscriptions/dbe857d8-f7ea-4c79-bb59-b4e5bc080426/resourceGroups/training-rg-northEU/providers/Microsoft.Network/loadBalancers/my-loadbalancer/backendAddressPools/vm-backend-pool",
            "ip_configuration_name": "testconfiguration2",
            "network_interface_id": "/subscriptions/dbe857d8-f7ea-4c79-bb59-b4e5bc080426/resourceGroups/training-rg-northEU/providers/Microsoft.Network/networkInterfaces/app-nic2",
            "timeouts": null
          },
          "sensitive_attributes": [],
          "identity_schema_version": 0,
          "private": "eyJlMmJmYjczMC1lY2FhLTExZTYtOGY4OC0zNDM2M2JjN2M0YzAiOnsiY3JlYXRlIjoxODAwMDAwMDAwMDAwLCJkZWxldGUiOjE4MDAwMDAwMDAwMDAsInJlYWQiOjMwMDAwMDAwMDAwMH19",
          "dependencies": [
            "azurerm_lb.main",
            "azurerm_lb_backend_address_pool.backend",
            "azurerm_network_interface.training-vm2",
            "azurerm_public_ip.my-lb-public",
            "azurerm_public_ip.my-vm-public2",
            "azurerm_resource_group.training",
            "azurerm_subnet.sub2",
            "azurerm_virtual_network.training"
          ]
        }
      ]
    },
    {
      "mode": "managed",
      "type": "azurerm_network_security_group",
      "name": "vm1",
      "provider": "provider[\"registry.terraform.io/hashicorp/azurerm\"]",
      "instances": [
        {
          "schema_version": 0,
          "attributes": {
            "id": "/subscriptions/dbe857d8-f7ea-4c79-bb59-b4e5bc080426/resourceGroups/training-rg-northEU/providers/Microsoft.Network/networkSecurityGroups/vm1-security-group",
            "location": "northeurope",
            "name": "vm1-security-group",
            "resource_group_name": "training-rg-northEU",
            "security_rule": [
              {
                "access": "Allow",
                "description": "",
                "destination_address_prefix": "*",
                "destination_address_prefixes": [],
                "destination_application_security_group_ids": [],
                "destination_port_range": "22",
                "destination_port_ranges": [],
                "direction": "Inbound",
                "name": "Allow-SSH-Probe-From-LB",
                "priority": 110,
                "protocol": "Tcp",
                "source_address_prefix": "AzureLoadBalancer",
                "source_address_prefixes": [],
                "source_application_security_group_ids": [],
                "source_port_range": "*",
                "source_port_ranges": []
              },
              {
                "access": "Allow",
                "description": null,
                "destination_address_prefix": "*",
                "destination_address_prefixes": [],
                "destination_application_security_group_ids": [],
                "destination_port_range": "*",
                "destination_port_ranges": [],
                "direction": "Inbound",
                "name": "inbound1",
                "priority": 100,
                "protocol": "Tcp",
                "source_address_prefix": "128.77.15.14",
                "source_address_prefixes": [],
                "source_application_security_group_ids": [],
                "source_port_range": "*",
                "source_port_ranges": []
              }
            ],
            "tags": {
              "EndDate": "18.08.2025",
              "ProjectCode": "INTBM999BHD",
              "ProjectName": "AMCloudTraining",
              "ServiceNowID": "RITM0577280",
              "owner": "ipaun"
            },
            "timeouts": null
          },
          "sensitive_attributes": [],
          "identity_schema_version": 0,
          "identity": {
            "name": "vm1-security-group",
            "resource_group_name": "training-rg-northEU",
            "subscription_id": "dbe857d8-f7ea-4c79-bb59-b4e5bc080426"
          },
          "private": "eyJlMmJmYjczMC1lY2FhLTExZTYtOGY4OC0zNDM2M2JjN2M0YzAiOnsiY3JlYXRlIjoxODAwMDAwMDAwMDAwLCJkZWxldGUiOjE4MDAwMDAwMDAwMDAsInJlYWQiOjMwMDAwMDAwMDAwMCwidXBkYXRlIjoxODAwMDAwMDAwMDAwfX0=",
          "dependencies": [
            "azurerm_resource_group.training"
          ]
        }
      ]
    },
    {
      "mode": "managed",
      "type": "azurerm_network_security_group",
      "name": "vm2",
      "provider": "provider[\"registry.terraform.io/hashicorp/azurerm\"]",
      "instances": [
        {
          "schema_version": 0,
          "attributes": {
            "id": "/subscriptions/dbe857d8-f7ea-4c79-bb59-b4e5bc080426/resourceGroups/training-rg-northEU/providers/Microsoft.Network/networkSecurityGroups/vm2-security-group",
            "location": "northeurope",
            "name": "vm2-security-group",
            "resource_group_name": "training-rg-northEU",
            "security_rule": [
              {
                "access": "Allow",
                "description": "",
                "destination_address_prefix": "*",
                "destination_address_prefixes": [],
                "destination_application_security_group_ids": [],
                "destination_port_range": "22",
                "destination_port_ranges": [],
                "direction": "Inbound",
                "name": "Allow-SSH-Probe-From-LB",
                "priority": 110,
                "protocol": "Tcp",
                "source_address_prefix": "AzureLoadBalancer",
                "source_address_prefixes": [],
                "source_application_security_group_ids": [],
                "source_port_range": "*",
                "source_port_ranges": []
              },
              {
                "access": "Allow",
                "description": null,
                "destination_address_prefix": "*",
                "destination_address_prefixes": [],
                "destination_application_security_group_ids": [],
                "destination_port_range": "*",
                "destination_port_ranges": [],
                "direction": "Inbound",
                "name": "inbound1",
                "priority": 100,
                "protocol": "Tcp",
                "source_address_prefix": "128.77.15.14",
                "source_address_prefixes": [],
                "source_application_security_group_ids": [],
                "source_port_range": "*",
                "source_port_ranges": []
              }
            ],
            "tags": {
              "EndDate": "18.08.2025",
              "ProjectCode": "INTBM999BHD",
              "ProjectName": "AMCloudTraining",
              "ServiceNowID": "RITM0577280",
              "owner": "ipaun"
            },
            "timeouts": null
          },
          "sensitive_attributes": [],
          "identity_schema_version": 0,
          "identity": {
            "name": "vm2-security-group",
            "resource_group_name": "training-rg-northEU",
            "subscription_id": "dbe857d8-f7ea-4c79-bb59-b4e5bc080426"
          },
          "private": "eyJlMmJmYjczMC1lY2FhLTExZTYtOGY4OC0zNDM2M2JjN2M0YzAiOnsiY3JlYXRlIjoxODAwMDAwMDAwMDAwLCJkZWxldGUiOjE4MDAwMDAwMDAwMDAsInJlYWQiOjMwMDAwMDAwMDAwMCwidXBkYXRlIjoxODAwMDAwMDAwMDAwfX0=",
          "dependencies": [
            "azurerm_resource_group.training"
          ]
        }
      ]
    },
    {
      "mode": "managed",
      "type": "azurerm_public_ip",
      "name": "my-lb-public",
      "provider": "provider[\"registry.terraform.io/hashicorp/azurerm\"]",
      "instances": [
        {
          "schema_version": 0,
          "attributes": {
            "allocation_method": "Static",
            "ddos_protection_mode": "VirtualNetworkInherited",
            "ddos_protection_plan_id": null,
            "domain_name_label": null,
            "domain_name_label_scope": null,
            "edge_zone": "",
            "fqdn": null,
            "id": "/subscriptions/dbe857d8-f7ea-4c79-bb59-b4e5bc080426/resourceGroups/training-rg-northEU/providers/Microsoft.Network/publicIPAddresses/my-lb-public",
            "idle_timeout_in_minutes": 4,
            "ip_address": "20.223.169.108",
            "ip_tags": {},
            "ip_version": "IPv4",
            "location": "northeurope",
            "name": "my-lb-public",
            "public_ip_prefix_id": null,
            "resource_group_name": "training-rg-northEU",
            "reverse_fqdn": null,
            "sku": "Standard",
            "sku_tier": "Regional",
            "tags": {
              "EndDate": "18.08.2025",
              "ProjectCode": "INTBM999BHD",
              "ProjectName": "AMCloudTraining",
              "ServiceNowID": "RITM0577280"
            },
            "timeouts": null,
            "zones": []
          },
          "sensitive_attributes": [],
          "identity_schema_version": 0,
          "private": "eyJlMmJmYjczMC1lY2FhLTExZTYtOGY4OC0zNDM2M2JjN2M0YzAiOnsiY3JlYXRlIjoxODAwMDAwMDAwMDAwLCJkZWxldGUiOjE4MDAwMDAwMDAwMDAsInJlYWQiOjMwMDAwMDAwMDAwMCwidXBkYXRlIjoxODAwMDAwMDAwMDAwfX0=",
          "dependencies": [
            "azurerm_resource_group.training"
          ]
        }
      ]
    },
    {
      "mode": "managed",
      "type": "azurerm_public_ip",
      "name": "my-vm-public1",
      "provider": "provider[\"registry.terraform.io/hashicorp/azurerm\"]",
      "instances": [
        {
          "schema_version": 0,
          "attributes": {
            "allocation_method": "Static",
            "ddos_protection_mode": "VirtualNetworkInherited",
            "ddos_protection_plan_id": null,
            "domain_name_label": null,
            "domain_name_label_scope": null,
            "edge_zone": "",
            "fqdn": null,
            "id": "/subscriptions/dbe857d8-f7ea-4c79-bb59-b4e5bc080426/resourceGroups/training-rg-northEU/providers/Microsoft.Network/publicIPAddresses/my-vm-public1",
            "idle_timeout_in_minutes": 4,
            "ip_address": "20.238.77.143",
            "ip_tags": {},
            "ip_version": "IPv4",
            "location": "northeurope",
            "name": "my-vm-public1",
            "public_ip_prefix_id": null,
            "resource_group_name": "training-rg-northEU",
            "reverse_fqdn": null,
            "sku": "Standard",
            "sku_tier": "Regional",
            "tags": {
              "EndDate": "18.08.2025",
              "ProjectCode": "INTBM999BHD",
              "ProjectName": "AMCloudTraining",
              "ServiceNowID": "RITM0577280"
            },
            "timeouts": null,
            "zones": []
          },
          "sensitive_attributes": [],
          "identity_schema_version": 0,
          "private": "eyJlMmJmYjczMC1lY2FhLTExZTYtOGY4OC0zNDM2M2JjN2M0YzAiOnsiY3JlYXRlIjoxODAwMDAwMDAwMDAwLCJkZWxldGUiOjE4MDAwMDAwMDAwMDAsInJlYWQiOjMwMDAwMDAwMDAwMCwidXBkYXRlIjoxODAwMDAwMDAwMDAwfX0=",
          "dependencies": [
            "azurerm_resource_group.training"
          ]
        }
      ]
    },
    {
      "mode": "managed",
      "type": "azurerm_public_ip",
      "name": "my-vm-public2",
      "provider": "provider[\"registry.terraform.io/hashicorp/azurerm\"]",
      "instances": [
        {
          "schema_version": 0,
          "attributes": {
            "allocation_method": "Static",
            "ddos_protection_mode": "VirtualNetworkInherited",
            "ddos_protection_plan_id": null,
            "domain_name_label": null,
            "domain_name_label_scope": null,
            "edge_zone": "",
            "fqdn": null,
            "id": "/subscriptions/dbe857d8-f7ea-4c79-bb59-b4e5bc080426/resourceGroups/training-rg-northEU/providers/Microsoft.Network/publicIPAddresses/my-vm-public2",
            "idle_timeout_in_minutes": 4,
            "ip_address": "134.149.20.233",
            "ip_tags": {},
            "ip_version": "IPv4",
            "location": "northeurope",
            "name": "my-vm-public2",
            "public_ip_prefix_id": null,
            "resource_group_name": "training-rg-northEU",
            "reverse_fqdn": null,
            "sku": "Standard",
            "sku_tier": "Regional",
            "tags": {
              "EndDate": "18.08.2025",
              "ProjectCode": "INTBM999BHD",
              "ProjectName": "AMCloudTraining",
              "ServiceNowID": "RITM0577280"
            },
            "timeouts": null,
            "zones": []
          },
          "sensitive_attributes": [],
          "identity_schema_version": 0,
          "private": "eyJlMmJmYjczMC1lY2FhLTExZTYtOGY4OC0zNDM2M2JjN2M0YzAiOnsiY3JlYXRlIjoxODAwMDAwMDAwMDAwLCJkZWxldGUiOjE4MDAwMDAwMDAwMDAsInJlYWQiOjMwMDAwMDAwMDAwMCwidXBkYXRlIjoxODAwMDAwMDAwMDAwfX0=",
          "dependencies": [
            "azurerm_resource_group.training"
          ]
        }
      ]
    },
    {
      "mode": "managed",
      "type": "azurerm_resource_group",
      "name": "training",
      "provider": "provider[\"registry.terraform.io/hashicorp/azurerm\"]",
      "instances": [
        {
          "schema_version": 0,
          "attributes": {
            "id": "/subscriptions/dbe857d8-f7ea-4c79-bb59-b4e5bc080426/resourceGroups/training-rg-northEU",
            "location": "northeurope",
            "managed_by": "",
            "name": "training-rg-northEU",
            "tags": {
              "EndDate": "18.08.2025",
              "ProjectCode": "INTBM999BHD",
              "ProjectName": "AMCloudTraining",
              "ServiceNowID": "RITM0577280",
              "owner": "ipaun"
            },
            "timeouts": null
          },
          "sensitive_attributes": [],
          "identity_schema_version": 0,
          "private": "eyJlMmJmYjczMC1lY2FhLTExZTYtOGY4OC0zNDM2M2JjN2M0YzAiOnsiY3JlYXRlIjo1NDAwMDAwMDAwMDAwLCJkZWxldGUiOjU0MDAwMDAwMDAwMDAsInJlYWQiOjMwMDAwMDAwMDAwMCwidXBkYXRlIjo1NDAwMDAwMDAwMDAwfX0="
        }
      ]
    },
    {
      "mode": "managed",
      "type": "azurerm_subnet",
      "name": "sub1",
      "provider": "provider[\"registry.terraform.io/hashicorp/azurerm\"]",
      "instances": [
        {
          "schema_version": 0,
          "attributes": {
            "address_prefixes": [
              "10.0.1.0/24"
            ],
            "default_outbound_access_enabled": true,
            "delegation": [],
            "id": "/subscriptions/dbe857d8-f7ea-4c79-bb59-b4e5bc080426/resourceGroups/training-rg-northEU/providers/Microsoft.Network/virtualNetworks/training-vnet/subnets/app-subnet1",
            "name": "app-subnet1",
            "private_endpoint_network_policies": "Disabled",
            "private_link_service_network_policies_enabled": true,
            "resource_group_name": "training-rg-northEU",
            "service_endpoint_policy_ids": [],
            "service_endpoints": [],
            "timeouts": null,
            "virtual_network_name": "training-vnet"
          },
          "sensitive_attributes": [],
          "identity_schema_version": 0,
          "identity": {
            "name": "app-subnet1",
            "resource_group_name": "training-rg-northEU",
            "subscription_id": "dbe857d8-f7ea-4c79-bb59-b4e5bc080426",
            "virtual_network_name": "training-vnet"
          },
          "private": "eyJlMmJmYjczMC1lY2FhLTExZTYtOGY4OC0zNDM2M2JjN2M0YzAiOnsiY3JlYXRlIjoxODAwMDAwMDAwMDAwLCJkZWxldGUiOjE4MDAwMDAwMDAwMDAsInJlYWQiOjMwMDAwMDAwMDAwMCwidXBkYXRlIjoxODAwMDAwMDAwMDAwfX0=",
          "dependencies": [
            "azurerm_resource_group.training",
            "azurerm_virtual_network.training"
          ]
        }
      ]
    },
    {
      "mode": "managed",
      "type": "azurerm_subnet",
      "name": "sub2",
      "provider": "provider[\"registry.terraform.io/hashicorp/azurerm\"]",
      "instances": [
        {
          "schema_version": 0,
          "attributes": {
            "address_prefixes": [
              "10.0.0.0/29"
            ],
            "default_outbound_access_enabled": true,
            "delegation": [],
            "id": "/subscriptions/dbe857d8-f7ea-4c79-bb59-b4e5bc080426/resourceGroups/training-rg-northEU/providers/Microsoft.Network/virtualNetworks/training-vnet/subnets/app-subnet2",
            "name": "app-subnet2",
            "private_endpoint_network_policies": "Disabled",
            "private_link_service_network_policies_enabled": true,
            "resource_group_name": "training-rg-northEU",
            "service_endpoint_policy_ids": [],
            "service_endpoints": [],
            "timeouts": null,
            "virtual_network_name": "training-vnet"
          },
          "sensitive_attributes": [],
          "identity_schema_version": 0,
          "identity": {
            "name": "app-subnet2",
            "resource_group_name": "training-rg-northEU",
            "subscription_id": "dbe857d8-f7ea-4c79-bb59-b4e5bc080426",
            "virtual_network_name": "training-vnet"
          },
          "private": "eyJlMmJmYjczMC1lY2FhLTExZTYtOGY4OC0zNDM2M2JjN2M0YzAiOnsiY3JlYXRlIjoxODAwMDAwMDAwMDAwLCJkZWxldGUiOjE4MDAwMDAwMDAwMDAsInJlYWQiOjMwMDAwMDAwMDAwMCwidXBkYXRlIjoxODAwMDAwMDAwMDAwfX0=",
          "dependencies": [
            "azurerm_resource_group.training",
            "azurerm_virtual_network.training"
          ]
        }
      ]
    },
    {
      "mode": "managed",
      "type": "azurerm_subnet_network_security_group_association",
      "name": "sub1",
      "provider": "provider[\"registry.terraform.io/hashicorp/azurerm\"]",
      "instances": [
        {
          "schema_version": 0,
          "attributes": {
            "id": "/subscriptions/dbe857d8-f7ea-4c79-bb59-b4e5bc080426/resourceGroups/training-rg-northEU/providers/Microsoft.Network/virtualNetworks/training-vnet/subnets/app-subnet1",
            "network_security_group_id": "/subscriptions/dbe857d8-f7ea-4c79-bb59-b4e5bc080426/resourceGroups/training-rg-northEU/providers/Microsoft.Network/networkSecurityGroups/vm1-security-group",
            "subnet_id": "/subscriptions/dbe857d8-f7ea-4c79-bb59-b4e5bc080426/resourceGroups/training-rg-northEU/providers/Microsoft.Network/virtualNetworks/training-vnet/subnets/app-subnet1",
            "timeouts": null
          },
          "sensitive_attributes": [],
          "identity_schema_version": 0,
          "private": "eyJlMmJmYjczMC1lY2FhLTExZTYtOGY4OC0zNDM2M2JjN2M0YzAiOnsiY3JlYXRlIjoxODAwMDAwMDAwMDAwLCJkZWxldGUiOjE4MDAwMDAwMDAwMDAsInJlYWQiOjMwMDAwMDAwMDAwMH19",
          "dependencies": [
            "azurerm_network_security_group.vm1",
            "azurerm_resource_group.training",
            "azurerm_subnet.sub1",
            "azurerm_virtual_network.training"
          ]
        }
      ]
    },
    {
      "mode": "managed",
      "type": "azurerm_subnet_network_security_group_association",
      "name": "sub2",
      "provider": "provider[\"registry.terraform.io/hashicorp/azurerm\"]",
      "instances": [
        {
          "schema_version": 0,
          "attributes": {
            "id": "/subscriptions/dbe857d8-f7ea-4c79-bb59-b4e5bc080426/resourceGroups/training-rg-northEU/providers/Microsoft.Network/virtualNetworks/training-vnet/subnets/app-subnet2",
            "network_security_group_id": "/subscriptions/dbe857d8-f7ea-4c79-bb59-b4e5bc080426/resourceGroups/training-rg-northEU/providers/Microsoft.Network/networkSecurityGroups/vm2-security-group",
            "subnet_id": "/subscriptions/dbe857d8-f7ea-4c79-bb59-b4e5bc080426/resourceGroups/training-rg-northEU/providers/Microsoft.Network/virtualNetworks/training-vnet/subnets/app-subnet2",
            "timeouts": null
          },
          "sensitive_attributes": [],
          "identity_schema_version": 0,
          "private": "eyJlMmJmYjczMC1lY2FhLTExZTYtOGY4OC0zNDM2M2JjN2M0YzAiOnsiY3JlYXRlIjoxODAwMDAwMDAwMDAwLCJkZWxldGUiOjE4MDAwMDAwMDAwMDAsInJlYWQiOjMwMDAwMDAwMDAwMH19",
          "dependencies": [
            "azurerm_network_security_group.vm2",
            "azurerm_resource_group.training",
            "azurerm_subnet.sub2",
            "azurerm_virtual_network.training"
          ]
        }
      ]
    },
    {
      "mode": "managed",
      "type": "azurerm_virtual_network",
      "name": "training",
      "provider": "provider[\"registry.terraform.io/hashicorp/azurerm\"]",
      "instances": [
        {
          "schema_version": 0,
          "attributes": {
            "address_space": [
              "10.0.0.0/16"
            ],
            "bgp_community": "",
            "ddos_protection_plan": [],
            "dns_servers": [],
            "edge_zone": "",
            "encryption": [],
            "flow_timeout_in_minutes": 0,
            "guid": "37ae2453-ac4e-41de-bab5-9ffd4284076d",
            "id": "/subscriptions/dbe857d8-f7ea-4c79-bb59-b4e5bc080426/resourceGroups/training-rg-northEU/providers/Microsoft.Network/virtualNetworks/training-vnet",
            "ip_address_pool": [],
            "location": "northeurope",
            "name": "training-vnet",
            "private_endpoint_vnet_policies": "Disabled",
            "resource_group_name": "training-rg-northEU",
            "subnet": [
              {
                "address_prefixes": [
                  "10.0.0.0/29"
                ],
                "default_outbound_access_enabled": false,
                "delegation": [],
                "id": "/subscriptions/dbe857d8-f7ea-4c79-bb59-b4e5bc080426/resourceGroups/training-rg-northEU/providers/Microsoft.Network/virtualNetworks/training-vnet/subnets/app-subnet2",
                "name": "app-subnet2",
                "private_endpoint_network_policies": "Disabled",
                "private_link_service_network_policies_enabled": true,
                "route_table_id": "",
                "security_group": "/subscriptions/dbe857d8-f7ea-4c79-bb59-b4e5bc080426/resourceGroups/training-rg-northEU/providers/Microsoft.Network/networkSecurityGroups/vm2-security-group",
                "service_endpoint_policy_ids": [],
                "service_endpoints": []
              },
              {
                "address_prefixes": [
                  "10.0.1.0/24"
                ],
                "default_outbound_access_enabled": false,
                "delegation": [],
                "id": "/subscriptions/dbe857d8-f7ea-4c79-bb59-b4e5bc080426/resourceGroups/training-rg-northEU/providers/Microsoft.Network/virtualNetworks/training-vnet/subnets/app-subnet1",
                "name": "app-subnet1",
                "private_endpoint_network_policies": "Disabled",
                "private_link_service_network_policies_enabled": true,
                "route_table_id": "",
                "security_group": "/subscriptions/dbe857d8-f7ea-4c79-bb59-b4e5bc080426/resourceGroups/training-rg-northEU/providers/Microsoft.Network/networkSecurityGroups/vm1-security-group",
                "service_endpoint_policy_ids": [],
                "service_endpoints": []
              }
            ],
            "tags": {
              "EndDate": "18.08.2025",
              "ProjectCode": "INTBM999BHD",
              "ProjectName": "AMCloudTraining",
              "ServiceNowID": "RITM0577280",
              "owner": "ipaun"
            },
            "timeouts": null
          },
          "sensitive_attributes": [],
          "identity_schema_version": 0,
          "identity": {
            "name": "training-vnet",
            "resource_group_name": "training-rg-northEU",
            "subscription_id": "dbe857d8-f7ea-4c79-bb59-b4e5bc080426"
          },
          "private": "eyJlMmJmYjczMC1lY2FhLTExZTYtOGY4OC0zNDM2M2JjN2M0YzAiOnsiY3JlYXRlIjoxODAwMDAwMDAwMDAwLCJkZWxldGUiOjE4MDAwMDAwMDAwMDAsInJlYWQiOjMwMDAwMDAwMDAwMCwidXBkYXRlIjoxODAwMDAwMDAwMDAwfX0=",
          "dependencies": [
            "azurerm_resource_group.training"
          ]
        }
      ]
    },
    {
      "mode": "managed",
      "type": "tls_private_key",
      "name": "ssh",
      "provider": "provider[\"registry.terraform.io/hashicorp/tls\"]",
      "instances": [
        {
          "schema_version": 1,
          "attributes": {
            "algorithm": "RSA",
            "ecdsa_curve": "P224",
            "id": "e6e73e946d7a7e2865a9de5fc3fab3a52606979e",
            "private_key_openssh": "-----BEGIN OPENSSH PRIVATE KEY-----\nb3BlbnNzaC1rZXktdjEAAAAABG5vbmUAAAAEbm9uZQAAAAAAAAABAAACFwAAAAdz\nc2gtcnNhAAAAAwEAAQAAAgEAm3Zd/X4Qe5wlYusDLadgMoEBZznOrNBWM1bRh9qV\nfkH84vpHKOlXwubcJsDhnKGJvZn/rAMl3IEM0mBdiRxvCW62Hmb8Bv+XgmfK8beq\ndptEkSh/QqIgj/GKy9uRHI2BLFf8tfEqG6B2n8hQ38LOqCN2RR0N6ouKEXw0CoYZ\n6VJyyLSHGdZmNqNY0rBmkuVM2NnM6A3+eD/e3rnZ4y5uovbDO1siH1VeKoR2TVaO\nTH0kmY59ne6TLO3XS9ZObkVNCP/Ce/6JXoxWCePU9qAgl0xgz/CfbzFws+cg2HNC\nvZgabI9gBBJG6vP7ifLWPqM80w/t0n4VdB8gzu129H1pOjmZn62DyFSRZB8hsXux\nQK82evpP3SGrQJfxrcmJhL8h5b1SaawZXiOJrWqNndZ7jbr4qGQQfpzKgr61Mp/O\nw6bzKTt51d+E4HdVJzREk+3otiT8SWSVEyDH/59a2GS7Uv5MhNWtBi2YEnUd4w56\nkmBzTmzBeUOaHnyI9jaFxOHMYA8e2EUkjDRo0VAloxmPjgeXRBVT1l3zsr7YN+wW\nhQ5E7K1Mc2JpyjszIqA3eG9VZeL0w3ElQozlzQkhCq1OGNIAlNbA/pq3GegXZNzU\nGqoZE4RRDvHQFeB43UHP+pUspVDHeOp2RhNvtNT7xyzpo5TCDtB34N1WAsxzhalV\n/KUAAAc4rCJQdqwiUHYAAAAHc3NoLXJzYQAAAgEAm3Zd/X4Qe5wlYusDLadgMoEB\nZznOrNBWM1bRh9qVfkH84vpHKOlXwubcJsDhnKGJvZn/rAMl3IEM0mBdiRxvCW62\nHmb8Bv+XgmfK8beqdptEkSh/QqIgj/GKy9uRHI2BLFf8tfEqG6B2n8hQ38LOqCN2\nRR0N6ouKEXw0CoYZ6VJyyLSHGdZmNqNY0rBmkuVM2NnM6A3+eD/e3rnZ4y5uovbD\nO1siH1VeKoR2TVaOTH0kmY59ne6TLO3XS9ZObkVNCP/Ce/6JXoxWCePU9qAgl0xg\nz/CfbzFws+cg2HNCvZgabI9gBBJG6vP7ifLWPqM80w/t0n4VdB8gzu129H1pOjmZ\nn62DyFSRZB8hsXuxQK82evpP3SGrQJfxrcmJhL8h5b1SaawZXiOJrWqNndZ7jbr4\nqGQQfpzKgr61Mp/Ow6bzKTt51d+E4HdVJzREk+3otiT8SWSVEyDH/59a2GS7Uv5M\nhNWtBi2YEnUd4w56kmBzTmzBeUOaHnyI9jaFxOHMYA8e2EUkjDRo0VAloxmPjgeX\nRBVT1l3zsr7YN+wWhQ5E7K1Mc2JpyjszIqA3eG9VZeL0w3ElQozlzQkhCq1OGNIA\nlNbA/pq3GegXZNzUGqoZE4RRDvHQFeB43UHP+pUspVDHeOp2RhNvtNT7xyzpo5TC\nDtB34N1WAsxzhalV/KUAAAADAQABAAACADn1n+YdxWRoWzHtX3J6Z+18VjsXfLvG\nMpUSZazqK/j1/iPbXoNct6kE7AgQuixst082ZnFJfSif/llCryyqqqUQHxrnl0e+\nq8xlCO8kZAuzKJWbzRJZIp231mDZe9jy0rlnFmL4xhOluAQrKSe7V9Os4O+0fNc4\nbeHF9hsEUw2/fObiE0ppOhNdxARM2vkiPwvL686KRRis61kLXjYKPhpIuJHdELQw\n3hoo53g+8G+I6ofLbX7fjwRdqfpurDAFa0qTG/2hcLKMzJkEVYYbPftacO+ljLNm\ncdfIsGCyXCwWVKerrobmD4WSL/IG1KRmtIsV8bsb4cC4yEENnF9bkEqdocHxnh9A\nR3aPbyJfn4oTEpAUo5NqfpjnVN8v3sLOGzqkTLWCrHfpuPMqWdtpMUuBAOFR65+U\n/9xZ3xLNOnnaBtlwSG/9mEPuWY3Y+hdPygIana++oteR8CCaRaQ4o3AsSCTp10u1\nhCMAXlEx/UzISbPjqylTNCmIZeM6mKSdpCrxqqEG80NRYY1KCaHZlAyN4WE8gDb9\nhFL+4DcG8LToz2gJ0+LjT9kUMNfMfYhEyZPZ3TDAx7enr0n5dbPbQq6WCmR+U/h3\nwmWTyuUJE2wAKm5Pp3Z89IUu26LZEP8ur9d/wTUHiSzkMpW7Gi0/R0XLd1thnaEb\ng95Jao+VqtRDAAABAQCbIkwXUqDjoAkkQJs6Hlow7qyyiuAfVqQq0by5VxjYfSER\n2ij+lPdNF8YvUEJ+NajQ9DFCU9WZZXtvpWnX7JEM9wQsGDYeG4DQEIX4G0p7v3/x\nNJ8fx3YWzs8ETw3Wi+yDPzn7uTRb7aLdMUOHjMGAfgw3Bv473WEofegkayuTm5s+\nCxskk708DJ0eWp+NZdSkcAyNYETVITJgjXjEW5HnrSp4gfHKCqoXynBTpXsTGwtv\nH/9UzowLgEJHWbo21vlvsoRfOeklkAMvI8JmHyfQh57I9S8fnGjVlMmUSZtiRyX9\ntcBGfVkeVM1MJHgZ7FmJsDey5v9WNb0NEZv7OeSrAAABAQDE77a8bJUM52KwiBxg\nULSW4kHakgJ92jGsQsrzg10lAIjyjKeI7c6LlWgVs3ed1UvoFaDOJFTu24B1YPMo\nZspzgp0PnjcickawwcvIaXqBydilAR+X+P0H7vtcenx7tUI/R0wqPfUlOnxoqivB\nm8oDiU57Zy9s7msO06fFnSEvYYGrBDOmjaDfc8OBiP4BNagP+ohvt6oL4lKa4D96\nIkbRTlIFn7C3wssl5X31fpXc8oA+E5aVgsDdefDju3wFFHV+DZpVd4IC0W8S2PzC\nIKbK2qZkRDfct0C8M0Z3xI3iIM1rqihcsN3if05FqIn8RoatOvgGPoPgpR3lw3f9\n+wMzAAABAQDKFmHAwJsXWw9XhXkadL7iFgGyQu1baYw12ZN87gtYipRPxj9etVPc\nHHlOiLX4j+l27thC37SDsHR/k6PE0iVA0osPMA9ZehSkpl8emJSUlhQTU8WzKhWo\nyNAZt/Kb+JlCZ2XhP7lKoFpxSzhaSAk07rEZ/9I8KQzc+AEbfjEfltTA6DPluRFO\nRiW54L56zaQWAgcHJ8OMmL+3+cYMEGBmSxx/ycEhLPeSDFpyVEs7jms19xe/Cs9Z\nogAWFQTuje4xJguMqnkaGfeRTvkna8fyedKv6afPJPl2gs/IxfOUGdgund6eq0bu\nk0ne6EgpCnNvVZsT/tbaiOzERV9P74DHAAAAAAEC\n-----END OPENSSH PRIVATE KEY-----\n",
            "private_key_pem": "-----BEGIN RSA PRIVATE KEY-----\nMIIJKAIBAAKCAgEAm3Zd/X4Qe5wlYusDLadgMoEBZznOrNBWM1bRh9qVfkH84vpH\nKOlXwubcJsDhnKGJvZn/rAMl3IEM0mBdiRxvCW62Hmb8Bv+XgmfK8beqdptEkSh/\nQqIgj/GKy9uRHI2BLFf8tfEqG6B2n8hQ38LOqCN2RR0N6ouKEXw0CoYZ6VJyyLSH\nGdZmNqNY0rBmkuVM2NnM6A3+eD/e3rnZ4y5uovbDO1siH1VeKoR2TVaOTH0kmY59\nne6TLO3XS9ZObkVNCP/Ce/6JXoxWCePU9qAgl0xgz/CfbzFws+cg2HNCvZgabI9g\nBBJG6vP7ifLWPqM80w/t0n4VdB8gzu129H1pOjmZn62DyFSRZB8hsXuxQK82evpP\n3SGrQJfxrcmJhL8h5b1SaawZXiOJrWqNndZ7jbr4qGQQfpzKgr61Mp/Ow6bzKTt5\n1d+E4HdVJzREk+3otiT8SWSVEyDH/59a2GS7Uv5MhNWtBi2YEnUd4w56kmBzTmzB\neUOaHnyI9jaFxOHMYA8e2EUkjDRo0VAloxmPjgeXRBVT1l3zsr7YN+wWhQ5E7K1M\nc2JpyjszIqA3eG9VZeL0w3ElQozlzQkhCq1OGNIAlNbA/pq3GegXZNzUGqoZE4RR\nDvHQFeB43UHP+pUspVDHeOp2RhNvtNT7xyzpo5TCDtB34N1WAsxzhalV/KUCAwEA\nAQKCAgA59Z/mHcVkaFsx7V9yemftfFY7F3y7xjKVEmWs6iv49f4j216DXLepBOwI\nELosbLdPNmZxSX0on/5ZQq8sqqqlEB8a55dHvqvMZQjvJGQLsyiVm80SWSKdt9Zg\n2XvY8tK5ZxZi+MYTpbgEKyknu1fTrODvtHzXOG3hxfYbBFMNv3zm4hNKaToTXcQE\nTNr5Ij8Ly+vOikUYrOtZC142Cj4aSLiR3RC0MN4aKOd4PvBviOqHy21+348EXan6\nbqwwBWtKkxv9oXCyjMyZBFWGGz37WnDvpYyzZnHXyLBgslwsFlSnq66G5g+Fki/y\nBtSkZrSLFfG7G+HAuMhBDZxfW5BKnaHB8Z4fQEd2j28iX5+KExKQFKOTan6Y51Tf\nL97Czhs6pEy1gqx36bjzKlnbaTFLgQDhUeuflP/cWd8SzTp52gbZcEhv/ZhD7lmN\n2PoXT8oCGp2vvqLXkfAgmkWkOKNwLEgk6ddLtYQjAF5RMf1MyEmz46spUzQpiGXj\nOpiknaQq8aqhBvNDUWGNSgmh2ZQMjeFhPIA2/YRS/uA3BvC06M9oCdPi40/ZFDDX\nzH2IRMmT2d0wwMe3p69J+XWz20KulgpkflP4d8Jlk8rlCRNsACpuT6d2fPSFLtui\n2RD/Lq/Xf8E1B4ks5DKVuxotP0dFy3dbYZ2hG4PeSWqPlarUQwKCAQEAxO+2vGyV\nDOdisIgcYFC0luJB2pICfdoxrELK84NdJQCI8oyniO3Oi5VoFbN3ndVL6BWgziRU\n7tuAdWDzKGbKc4KdD543InJGsMHLyGl6gcnYpQEfl/j9B+77XHp8e7VCP0dMKj31\nJTp8aKorwZvKA4lOe2cvbO5rDtOnxZ0hL2GBqwQzpo2g33PDgYj+ATWoD/qIb7eq\nC+JSmuA/eiJG0U5SBZ+wt8LLJeV99X6V3PKAPhOWlYLA3Xnw47t8BRR1fg2aVXeC\nAtFvEtj8wiCmytqmZEQ33LdAvDNGd8SN4iDNa6ooXLDd4n9ORaiJ/EaGrTr4Bj6D\n4KUd5cN3/fsDMwKCAQEAyhZhwMCbF1sPV4V5GnS+4hYBskLtW2mMNdmTfO4LWIqU\nT8Y/XrVT3Bx5Toi1+I/pdu7YQt+0g7B0f5OjxNIlQNKLDzAPWXoUpKZfHpiUlJYU\nE1PFsyoVqMjQGbfym/iZQmdl4T+5SqBacUs4WkgJNO6xGf/SPCkM3PgBG34xH5bU\nwOgz5bkRTkYlueC+es2kFgIHByfDjJi/t/nGDBBgZkscf8nBISz3kgxaclRLO45r\nNfcXvwrPWaIAFhUE7o3uMSYLjKp5Ghn3kU75J2vH8nnSr+mnzyT5doLPyMXzlBnY\nLp3enqtG7pNJ3uhIKQpzb1WbE/7W2ojsxEVfT++AxwKCAQAnBoXEwxOqUfP5nY9Z\n+sQ+nimEoaiCvglX5IiJRv/fRELfJcZRWSaz/HB61Gygx1Lac+bA0uxNxQuotwSY\nff4ic8CiBq1QUyr0/gJe/Z/8Nj6LPDTBjeK+froq8k7WyO2O0pciS9LXhMaAizBO\nlouqtbvqsmDwijKG5qR5gZDA7eafOB7wI2K8xRj6A2aqYLKkL/Z3hQLahgfujv+l\nOUOlWIrieGmxkJVnNhoG2wXhmeCV7JXLnPSRLwfwaQfDjfFWgGWUCDGoU05agstb\nwNKsojWU6vvS7jGS2epd84JWTD/I1RhYfegKaUXege6OIn+vtl7OBfdmPfI1xM1z\ndBmHAoIBAFQLquv3LokwHdlQcWVHWHu+m0X//6cc5mse6e/zMFTKjZP/5ysETrQk\nQ28d/FA7yeTkwJxPXUvHfyvvwxSAMW4cIilW24ti8mLnrneTDXgeUosXNAmnXwqr\nOaD4l7W2Vkb/qadcUTtwJS0pE264ttuEybL+afkLOYZMvmkoulVg7WqtJ6hKp5/e\nHKKJja6VB8D/Ztza9MDsZg+lmXA6/1yLsHaU+fVKNkxPRu51kDRcrsnq0b1qSYIF\nlfOZGkv8Syu1nugJngP0+Lk+FvEGKkn10GHI0zmbLwTSsofVi8/0T6xTi9qBcSaX\nqwlBoYEwD4ImIDDYs5J/j7ixAUrFWNECggEBAJsiTBdSoOOgCSRAmzoeWjDurLKK\n4B9WpCrRvLlXGNh9IRHaKP6U900Xxi9QQn41qND0MUJT1Zlle2+ladfskQz3BCwY\nNh4bgNAQhfgbSnu/f/E0nx/HdhbOzwRPDdaL7IM/Ofu5NFvtot0xQ4eMwYB+DDcG\n/jvdYSh96CRrK5Obmz4LGySTvTwMnR5an41l1KRwDI1gRNUhMmCNeMRbkeetKniB\n8coKqhfKcFOlexMbC28f/1TOjAuAQkdZujbW+W+yhF856SWQAy8jwmYfJ9CHnsj1\nLx+caNWUyZRJm2JHJf21wEZ9WR5UzUwkeBnsWYmwN7Lm/1Y1vQ0Rm/s55Ks=\n-----END RSA PRIVATE KEY-----\n",
            "private_key_pem_pkcs8": "-----BEGIN PRIVATE KEY-----\nMIIJQgIBADANBgkqhkiG9w0BAQEFAASCCSwwggkoAgEAAoICAQCbdl39fhB7nCVi\n6wMtp2AygQFnOc6s0FYzVtGH2pV+Qfzi+kco6VfC5twmwOGcoYm9mf+sAyXcgQzS\nYF2JHG8JbrYeZvwG/5eCZ8rxt6p2m0SRKH9CoiCP8YrL25EcjYEsV/y18SoboHaf\nyFDfws6oI3ZFHQ3qi4oRfDQKhhnpUnLItIcZ1mY2o1jSsGaS5UzY2czoDf54P97e\nudnjLm6i9sM7WyIfVV4qhHZNVo5MfSSZjn2d7pMs7ddL1k5uRU0I/8J7/olejFYJ\n49T2oCCXTGDP8J9vMXCz5yDYc0K9mBpsj2AEEkbq8/uJ8tY+ozzTD+3SfhV0HyDO\n7Xb0fWk6OZmfrYPIVJFkHyGxe7FArzZ6+k/dIatAl/GtyYmEvyHlvVJprBleI4mt\nao2d1nuNuvioZBB+nMqCvrUyn87DpvMpO3nV34Tgd1UnNEST7ei2JPxJZJUTIMf/\nn1rYZLtS/kyE1a0GLZgSdR3jDnqSYHNObMF5Q5oefIj2NoXE4cxgDx7YRSSMNGjR\nUCWjGY+OB5dEFVPWXfOyvtg37BaFDkTsrUxzYmnKOzMioDd4b1Vl4vTDcSVCjOXN\nCSEKrU4Y0gCU1sD+mrcZ6Bdk3NQaqhkThFEO8dAV4HjdQc/6lSylUMd46nZGE2+0\n1PvHLOmjlMIO0Hfg3VYCzHOFqVX8pQIDAQABAoICADn1n+YdxWRoWzHtX3J6Z+18\nVjsXfLvGMpUSZazqK/j1/iPbXoNct6kE7AgQuixst082ZnFJfSif/llCryyqqqUQ\nHxrnl0e+q8xlCO8kZAuzKJWbzRJZIp231mDZe9jy0rlnFmL4xhOluAQrKSe7V9Os\n4O+0fNc4beHF9hsEUw2/fObiE0ppOhNdxARM2vkiPwvL686KRRis61kLXjYKPhpI\nuJHdELQw3hoo53g+8G+I6ofLbX7fjwRdqfpurDAFa0qTG/2hcLKMzJkEVYYbPfta\ncO+ljLNmcdfIsGCyXCwWVKerrobmD4WSL/IG1KRmtIsV8bsb4cC4yEENnF9bkEqd\nocHxnh9AR3aPbyJfn4oTEpAUo5NqfpjnVN8v3sLOGzqkTLWCrHfpuPMqWdtpMUuB\nAOFR65+U/9xZ3xLNOnnaBtlwSG/9mEPuWY3Y+hdPygIana++oteR8CCaRaQ4o3As\nSCTp10u1hCMAXlEx/UzISbPjqylTNCmIZeM6mKSdpCrxqqEG80NRYY1KCaHZlAyN\n4WE8gDb9hFL+4DcG8LToz2gJ0+LjT9kUMNfMfYhEyZPZ3TDAx7enr0n5dbPbQq6W\nCmR+U/h3wmWTyuUJE2wAKm5Pp3Z89IUu26LZEP8ur9d/wTUHiSzkMpW7Gi0/R0XL\nd1thnaEbg95Jao+VqtRDAoIBAQDE77a8bJUM52KwiBxgULSW4kHakgJ92jGsQsrz\ng10lAIjyjKeI7c6LlWgVs3ed1UvoFaDOJFTu24B1YPMoZspzgp0PnjcickawwcvI\naXqBydilAR+X+P0H7vtcenx7tUI/R0wqPfUlOnxoqivBm8oDiU57Zy9s7msO06fF\nnSEvYYGrBDOmjaDfc8OBiP4BNagP+ohvt6oL4lKa4D96IkbRTlIFn7C3wssl5X31\nfpXc8oA+E5aVgsDdefDju3wFFHV+DZpVd4IC0W8S2PzCIKbK2qZkRDfct0C8M0Z3\nxI3iIM1rqihcsN3if05FqIn8RoatOvgGPoPgpR3lw3f9+wMzAoIBAQDKFmHAwJsX\nWw9XhXkadL7iFgGyQu1baYw12ZN87gtYipRPxj9etVPcHHlOiLX4j+l27thC37SD\nsHR/k6PE0iVA0osPMA9ZehSkpl8emJSUlhQTU8WzKhWoyNAZt/Kb+JlCZ2XhP7lK\noFpxSzhaSAk07rEZ/9I8KQzc+AEbfjEfltTA6DPluRFORiW54L56zaQWAgcHJ8OM\nmL+3+cYMEGBmSxx/ycEhLPeSDFpyVEs7jms19xe/Cs9ZogAWFQTuje4xJguMqnka\nGfeRTvkna8fyedKv6afPJPl2gs/IxfOUGdgund6eq0buk0ne6EgpCnNvVZsT/tba\niOzERV9P74DHAoIBACcGhcTDE6pR8/mdj1n6xD6eKYShqIK+CVfkiIlG/99EQt8l\nxlFZJrP8cHrUbKDHUtpz5sDS7E3FC6i3BJh9/iJzwKIGrVBTKvT+Al79n/w2Pos8\nNMGN4r5+uiryTtbI7Y7SlyJL0teExoCLME6Wi6q1u+qyYPCKMobmpHmBkMDt5p84\nHvAjYrzFGPoDZqpgsqQv9neFAtqGB+6O/6U5Q6VYiuJ4abGQlWc2GgbbBeGZ4JXs\nlcuc9JEvB/BpB8ON8VaAZZQIMahTTlqCy1vA0qyiNZTq+9LuMZLZ6l3zglZMP8jV\nGFh96AppRd6B7o4if6+2Xs4F92Y98jXEzXN0GYcCggEAVAuq6/cuiTAd2VBxZUdY\ne76bRf//pxzmax7p7/MwVMqNk//nKwROtCRDbx38UDvJ5OTAnE9dS8d/K+/DFIAx\nbhwiKVbbi2LyYueud5MNeB5Sixc0CadfCqs5oPiXtbZWRv+pp1xRO3AlLSkTbri2\n24TJsv5p+Qs5hky+aSi6VWDtaq0nqEqnn94coomNrpUHwP9m3Nr0wOxmD6WZcDr/\nXIuwdpT59Uo2TE9G7nWQNFyuyerRvWpJggWV85kaS/xLK7We6AmeA/T4uT4W8QYq\nSfXQYcjTOZsvBNKyh9WLz/RPrFOL2oFxJperCUGhgTAPgiYgMNizkn+PuLEBSsVY\n0QKCAQEAmyJMF1Kg46AJJECbOh5aMO6ssorgH1akKtG8uVcY2H0hEdoo/pT3TRfG\nL1BCfjWo0PQxQlPVmWV7b6Vp1+yRDPcELBg2HhuA0BCF+BtKe79/8TSfH8d2Fs7P\nBE8N1ovsgz85+7k0W+2i3TFDh4zBgH4MNwb+O91hKH3oJGsrk5ubPgsbJJO9PAyd\nHlqfjWXUpHAMjWBE1SEyYI14xFuR560qeIHxygqqF8pwU6V7ExsLbx//VM6MC4BC\nR1m6Ntb5b7KEXznpJZADLyPCZh8n0IeeyPUvH5xo1ZTJlEmbYkcl/bXARn1ZHlTN\nTCR4GexZibA3sub/VjW9DRGb+znkqw==\n-----END PRIVATE KEY-----\n",
            "public_key_fingerprint_md5": "9d:92:28:c4:d4:c1:e7:4c:cd:fe:ad:1d:ec:92:34:6b",
            "public_key_fingerprint_sha256": "SHA256:3cQJcOQh2dQwvc/EQIFgUtl1yzNfVi6MitGhnRT5hhI",
            "public_key_openssh": "ssh-rsa AAAAB3NzaC1yc2EAAAADAQABAAACAQCbdl39fhB7nCVi6wMtp2AygQFnOc6s0FYzVtGH2pV+Qfzi+kco6VfC5twmwOGcoYm9mf+sAyXcgQzSYF2JHG8JbrYeZvwG/5eCZ8rxt6p2m0SRKH9CoiCP8YrL25EcjYEsV/y18SoboHafyFDfws6oI3ZFHQ3qi4oRfDQKhhnpUnLItIcZ1mY2o1jSsGaS5UzY2czoDf54P97eudnjLm6i9sM7WyIfVV4qhHZNVo5MfSSZjn2d7pMs7ddL1k5uRU0I/8J7/olejFYJ49T2oCCXTGDP8J9vMXCz5yDYc0K9mBpsj2AEEkbq8/uJ8tY+ozzTD+3SfhV0HyDO7Xb0fWk6OZmfrYPIVJFkHyGxe7FArzZ6+k/dIatAl/GtyYmEvyHlvVJprBleI4mtao2d1nuNuvioZBB+nMqCvrUyn87DpvMpO3nV34Tgd1UnNEST7ei2JPxJZJUTIMf/n1rYZLtS/kyE1a0GLZgSdR3jDnqSYHNObMF5Q5oefIj2NoXE4cxgDx7YRSSMNGjRUCWjGY+OB5dEFVPWXfOyvtg37BaFDkTsrUxzYmnKOzMioDd4b1Vl4vTDcSVCjOXNCSEKrU4Y0gCU1sD+mrcZ6Bdk3NQaqhkThFEO8dAV4HjdQc/6lSylUMd46nZGE2+01PvHLOmjlMIO0Hfg3VYCzHOFqVX8pQ==\n",
            "public_key_pem": "-----BEGIN PUBLIC KEY-----\nMIICIjANBgkqhkiG9w0BAQEFAAOCAg8AMIICCgKCAgEAm3Zd/X4Qe5wlYusDLadg\nMoEBZznOrNBWM1bRh9qVfkH84vpHKOlXwubcJsDhnKGJvZn/rAMl3IEM0mBdiRxv\nCW62Hmb8Bv+XgmfK8beqdptEkSh/QqIgj/GKy9uRHI2BLFf8tfEqG6B2n8hQ38LO\nqCN2RR0N6ouKEXw0CoYZ6VJyyLSHGdZmNqNY0rBmkuVM2NnM6A3+eD/e3rnZ4y5u\novbDO1siH1VeKoR2TVaOTH0kmY59ne6TLO3XS9ZObkVNCP/Ce/6JXoxWCePU9qAg\nl0xgz/CfbzFws+cg2HNCvZgabI9gBBJG6vP7ifLWPqM80w/t0n4VdB8gzu129H1p\nOjmZn62DyFSRZB8hsXuxQK82evpP3SGrQJfxrcmJhL8h5b1SaawZXiOJrWqNndZ7\njbr4qGQQfpzKgr61Mp/Ow6bzKTt51d+E4HdVJzREk+3otiT8SWSVEyDH/59a2GS7\nUv5MhNWtBi2YEnUd4w56kmBzTmzBeUOaHnyI9jaFxOHMYA8e2EUkjDRo0VAloxmP\njgeXRBVT1l3zsr7YN+wWhQ5E7K1Mc2JpyjszIqA3eG9VZeL0w3ElQozlzQkhCq1O\nGNIAlNbA/pq3GegXZNzUGqoZE4RRDvHQFeB43UHP+pUspVDHeOp2RhNvtNT7xyzp\no5TCDtB34N1WAsxzhalV/KUCAwEAAQ==\n-----END PUBLIC KEY-----\n",
            "rsa_bits": 4096
          },
          "sensitive_attributes": [
            [
              {
                "type": "get_attr",
                "value": "private_key_openssh"
              }
            ],
            [
              {
                "type": "get_attr",
                "value": "private_key_pem"
              }
            ],
            [
              {
                "type": "get_attr",
                "value": "private_key_pem_pkcs8"
              }
            ]
          ],
          "identity_schema_version": 0
        }
      ]
    }
  ],
  "check_results": null
}
